Microsoft Visual Studio Solution File, Format Version 12.00
# Visual Studio Version 16
VisualStudioVersion = 16.0.29009.5
MinimumVisualStudioVersion = 10.0.40219.1
Project("{2150E333-8FDC-42A3-9474-1A3956D46DE8}") = "P42", "P42", "{C0C29A42-88D4-489E-8B7E-1DB7D9C2FB60}"
EndProject
Project("{2150E333-8FDC-42A3-9474-1A3956D46DE8}") = "MimeSharp", "MimeSharp", "{CDB68A9B-5B4F-45CC-BFE3-8064D0950E82}"
EndProject
Project("{2150E333-8FDC-42A3-9474-1A3956D46DE8}") = "FormsGestures", "FormsGestures", "{2C891CAB-C6FC-4BB2-BA4D-5111E0E94AC8}"
EndProject
Project("{2150E333-8FDC-42A3-9474-1A3956D46DE8}") = "Forms9Patch", "Forms9Patch", "{2509D6A7-0AD1-49CD-A889-8E3E18D77AE5}"
EndProject
Project("{2150E333-8FDC-42A3-9474-1A3956D46DE8}") = "Demo", "Demo", "{D058C7C6-C2AA-4BD3-B734-F5AD3FBB37FC}"
EndProject
Project("{2150E333-8FDC-42A3-9474-1A3956D46DE8}") = "FromNuGet", "FromNuGet", "{18C59FAE-7950-4E00-9604-07D929B81397}"
EndProject
Project("{2150E333-8FDC-42A3-9474-1A3956D46DE8}") = "FromSource", "FromSource", "{51AF4631-3172-4CE8-86BF-CC46E7D3E839}"
EndProject
Project("{FAE04EC0-301F-11D3-BF4B-00C04F79EFBC}") = "Forms9Patch.Droid", "Forms9Patch\Forms9Patch.Droid\Forms9Patch.Droid.csproj", "{2D408CF4-7360-44D2-BE5F-E6B02DFB62DB}"
EndProject
Project("{9A19103F-16F7-4668-BE54-9A1E7A4F7556}") = "P42.Utils", "P42.Utils\P42.Utils\P42.Utils.csproj", "{0BCBCD07-F38D-4B3E-B9C5-22EE4FBC27BC}"
EndProject
Project("{9A19103F-16F7-4668-BE54-9A1E7A4F7556}") = "P42.NumericalMethods", "P42.Utils\P42.NumericalMethods\P42.NumericalMethods.csproj", "{8DB8EF34-ACBC-472B-A91E-86EAD0333C46}"
EndProject
Project("{9A19103F-16F7-4668-BE54-9A1E7A4F7556}") = "MimeSharp", "MimeSharp\MimeSharp\MimeSharp.csproj", "{49621984-BABA-4864-9065-D9C8B645828F}"
EndProject
Project("{9A19103F-16F7-4668-BE54-9A1E7A4F7556}") = "FormsGestures", "FormsGestures\FormsGestures\FormsGestures.csproj", "{0B50BF77-6D06-448F-8048-D52FC1D6C940}"
EndProject
Project("{9A19103F-16F7-4668-BE54-9A1E7A4F7556}") = "Forms9Patch", "Forms9Patch\Forms9Patch\Forms9Patch.csproj", "{61094D3D-545E-46EE-85F9-463A7507A1F8}"
EndProject
Project("{9A19103F-16F7-4668-BE54-9A1E7A4F7556}") = "Forms9PatchDemo.Source", "Forms9PatchDemo.Source\Forms9PatchDemo.Source\Forms9PatchDemo.Source.csproj", "{CEE51904-6AEF-4452-A8B2-C21BB82C94E2}"
EndProject
Project("{FAE04EC0-301F-11D3-BF4B-00C04F79EFBC}") = "P42.Utils.Droid", "P42.Utils\P42.Utils.Droid\P42.Utils.Droid.csproj", "{25F52C0B-8C1B-4245-AFF1-2EEB263C49E9}"
EndProject
Project("{FAE04EC0-301F-11D3-BF4B-00C04F79EFBC}") = "P42.Utils.iOS", "P42.Utils\P42.Utils.iOS\P42.Utils.iOS.csproj", "{530E21BA-A725-4714-8678-74CCA5CDBB38}"
EndProject
Project("{FAE04EC0-301F-11D3-BF4B-00C04F79EFBC}") = "FormsGestures.Droid", "FormsGestures\FormsGestures.Droid\FormsGestures.Droid.csproj", "{00E0CDDC-B671-4876-8E78-927C50D2596A}"
EndProject
Project("{FAE04EC0-301F-11D3-BF4B-00C04F79EFBC}") = "FormsGestures.iOS", "FormsGestures\FormsGestures.iOS\FormsGestures.iOS.csproj", "{48ADFBE6-0CBA-4317-8371-250A7F0647AE}"
EndProject
Project("{FAE04EC0-301F-11D3-BF4B-00C04F79EFBC}") = "Forms9Patch.iOS", "Forms9Patch\Forms9Patch.iOS\Forms9Patch.iOS.csproj", "{1D9DAC1B-92F4-4EFE-B915-5A998435B02F}"
EndProject
Project("{FAE04EC0-301F-11D3-BF4B-00C04F79EFBC}") = "Forms9PatchDemo.Source.Android", "Forms9PatchDemo.Source\Forms9PatchDemo.Source.Android\Forms9PatchDemo.Source.Android.csproj", "{1D0CE227-36B2-472B-B4C1-BD366598171E}"
EndProject
Project("{FAE04EC0-301F-11D3-BF4B-00C04F79EFBC}") = "Forms9PatchDemo.Source.iOS", "Forms9PatchDemo.Source\Forms9PatchDemo.Source.iOS\Forms9PatchDemo.Source.iOS.csproj", "{6E550633-367E-41D1-A426-904785CCE2CA}"
EndProject
Project("{9A19103F-16F7-4668-BE54-9A1E7A4F7556}") = "Forms9Patch.DocFX", "Forms9Patch\Forms9Patch.DocFX\Forms9Patch.DocFX.csproj", "{9AD7EA4E-8576-49CF-91A8-4824AE830A3E}"
EndProject
Project("{2150E333-8FDC-42A3-9474-1A3956D46DE8}") = "LeakQuest", "LeakQuest", "{65953E8D-44F0-4568-AEF8-0D129361D68F}"
EndProject
Project("{FAE04EC0-301F-11D3-BF4B-00C04F79EFBC}") = "leakquest", "leakquest\leakquest\leakquest.csproj", "{BA12E67E-1CDD-40BE-A278-E337A5AEA776}"
EndProject
Project("{FAE04EC0-301F-11D3-BF4B-00C04F79EFBC}") = "leakquest.Android", "leakquest\leakquest.Android\leakquest.Android.csproj", "{CECB3A89-AF45-44E5-A4C0-767092857B17}"
EndProject
Project("{FAE04EC0-301F-11D3-BF4B-00C04F79EFBC}") = "leakquest.iOS", "leakquest\leakquest.iOS\leakquest.iOS.csproj", "{7C317E5D-9DCA-43E2-8116-B852D8E12E44}"
EndProject
Project("{FAE04EC0-301F-11D3-BF4B-00C04F79EFBC}") = "P42.Utils.UWP", "P42.Utils\P42.Utils.UWP\P42.Utils.UWP.csproj", "{68B96681-EF89-4F47-96C9-65AA37883C0A}"
EndProject
Project("{FAE04EC0-301F-11D3-BF4B-00C04F79EFBC}") = "FormsGestures.UWP", "FormsGestures\FormsGestures.UWP\FormsGestures.UWP.csproj", "{2EAA5D09-B436-40F8-A1F3-7E9ACDE2E8C0}"
EndProject
Project("{FAE04EC0-301F-11D3-BF4B-00C04F79EFBC}") = "Forms9Patch.UWP", "Forms9Patch\Forms9Patch.UWP\Forms9Patch.UWP.csproj", "{FC0AE786-B0F2-4F62-B898-E591B65014F0}"
EndProject
Project("{FAE04EC0-301F-11D3-BF4B-00C04F79EFBC}") = "Forms9PatchDemo.NuGet.UWP", "Forms9PatchDemo.NuGet\Forms9PatchDemo.NuGet.UWP\Forms9PatchDemo.NuGet.UWP.csproj", "{592FEF99-BE8D-4111-909B-D7448835B157}"
EndProject
Project("{9A19103F-16F7-4668-BE54-9A1E7A4F7556}") = "Forms9PatchDemo.NuGet", "Forms9PatchDemo.NuGet\Forms9PatchDemo.NuGet\Forms9PatchDemo.NuGet.csproj", "{01D2ED33-85CF-4DD5-A006-11DCBAE9C42F}"
EndProject
Project("{FAE04EC0-301F-11D3-BF4B-00C04F79EFBC}") = "Forms9PatchDemo.NuGet.Android", "Forms9PatchDemo.NuGet\Forms9PatchDemo.NuGet.Android\Forms9PatchDemo.NuGet.Android.csproj", "{C54EC583-AD7E-4F2B-AE63-47EAC75E1234}"
EndProject
Project("{FAE04EC0-301F-11D3-BF4B-00C04F79EFBC}") = "Forms9PatchDemo.NuGet.iOS", "Forms9PatchDemo.NuGet\Forms9PatchDemo.NuGet.iOS\Forms9PatchDemo.NuGet.iOS.csproj", "{034CC974-0FCB-497A-8B6B-A192482CCED6}"
EndProject
Project("{FAE04EC0-301F-11D3-BF4B-00C04F79EFBC}") = "Forms9PatchDemo.Source.UWP", "Forms9PatchDemo.Source\Forms9PatchDemo.Source.UWP\Forms9PatchDemo.Source.UWP.csproj", "{30CE6E80-8241-4E5B-A026-55BBE1319487}"
EndProject
Global
	GlobalSection(SolutionConfigurationPlatforms) = preSolution
		Debug|Any CPU = Debug|Any CPU
		Debug|iPhone = Debug|iPhone
		Debug|iPhoneSimulator = Debug|iPhoneSimulator
		Release|Any CPU = Release|Any CPU
		Release|iPhone = Release|iPhone
		Release|iPhoneSimulator = Release|iPhoneSimulator
	EndGlobalSection
	GlobalSection(ProjectConfigurationPlatforms) = postSolution
		{2D408CF4-7360-44D2-BE5F-E6B02DFB62DB}.Debug|Any CPU.ActiveCfg = Debug|Any CPU
		{2D408CF4-7360-44D2-BE5F-E6B02DFB62DB}.Debug|Any CPU.Build.0 = Debug|Any CPU
		{2D408CF4-7360-44D2-BE5F-E6B02DFB62DB}.Debug|iPhone.ActiveCfg = Debug|Any CPU
		{2D408CF4-7360-44D2-BE5F-E6B02DFB62DB}.Debug|iPhone.Build.0 = Debug|Any CPU
		{2D408CF4-7360-44D2-BE5F-E6B02DFB62DB}.Debug|iPhoneSimulator.ActiveCfg = Debug|Any CPU
		{2D408CF4-7360-44D2-BE5F-E6B02DFB62DB}.Debug|iPhoneSimulator.Build.0 = Debug|Any CPU
		{2D408CF4-7360-44D2-BE5F-E6B02DFB62DB}.Release|Any CPU.ActiveCfg = Release|Any CPU
		{2D408CF4-7360-44D2-BE5F-E6B02DFB62DB}.Release|Any CPU.Build.0 = Release|Any CPU
		{2D408CF4-7360-44D2-BE5F-E6B02DFB62DB}.Release|iPhone.ActiveCfg = Release|Any CPU
		{2D408CF4-7360-44D2-BE5F-E6B02DFB62DB}.Release|iPhone.Build.0 = Release|Any CPU
		{2D408CF4-7360-44D2-BE5F-E6B02DFB62DB}.Release|iPhoneSimulator.ActiveCfg = Release|Any CPU
		{2D408CF4-7360-44D2-BE5F-E6B02DFB62DB}.Release|iPhoneSimulator.Build.0 = Release|Any CPU
		{0BCBCD07-F38D-4B3E-B9C5-22EE4FBC27BC}.Debug|Any CPU.ActiveCfg = Debug|Any CPU
		{0BCBCD07-F38D-4B3E-B9C5-22EE4FBC27BC}.Debug|Any CPU.Build.0 = Debug|Any CPU
		{0BCBCD07-F38D-4B3E-B9C5-22EE4FBC27BC}.Debug|iPhone.ActiveCfg = Debug|Any CPU
		{0BCBCD07-F38D-4B3E-B9C5-22EE4FBC27BC}.Debug|iPhone.Build.0 = Debug|Any CPU
		{0BCBCD07-F38D-4B3E-B9C5-22EE4FBC27BC}.Debug|iPhoneSimulator.ActiveCfg = Debug|Any CPU
		{0BCBCD07-F38D-4B3E-B9C5-22EE4FBC27BC}.Debug|iPhoneSimulator.Build.0 = Debug|Any CPU
		{0BCBCD07-F38D-4B3E-B9C5-22EE4FBC27BC}.Release|Any CPU.ActiveCfg = Release|Any CPU
		{0BCBCD07-F38D-4B3E-B9C5-22EE4FBC27BC}.Release|Any CPU.Build.0 = Release|Any CPU
		{0BCBCD07-F38D-4B3E-B9C5-22EE4FBC27BC}.Release|iPhone.ActiveCfg = Release|Any CPU
		{0BCBCD07-F38D-4B3E-B9C5-22EE4FBC27BC}.Release|iPhone.Build.0 = Release|Any CPU
		{0BCBCD07-F38D-4B3E-B9C5-22EE4FBC27BC}.Release|iPhoneSimulator.ActiveCfg = Release|Any CPU
		{0BCBCD07-F38D-4B3E-B9C5-22EE4FBC27BC}.Release|iPhoneSimulator.Build.0 = Release|Any CPU
		{8DB8EF34-ACBC-472B-A91E-86EAD0333C46}.Debug|Any CPU.ActiveCfg = Debug|Any CPU
		{8DB8EF34-ACBC-472B-A91E-86EAD0333C46}.Debug|Any CPU.Build.0 = Debug|Any CPU
		{8DB8EF34-ACBC-472B-A91E-86EAD0333C46}.Debug|iPhone.ActiveCfg = Debug|Any CPU
		{8DB8EF34-ACBC-472B-A91E-86EAD0333C46}.Debug|iPhone.Build.0 = Debug|Any CPU
		{8DB8EF34-ACBC-472B-A91E-86EAD0333C46}.Debug|iPhoneSimulator.ActiveCfg = Debug|Any CPU
		{8DB8EF34-ACBC-472B-A91E-86EAD0333C46}.Debug|iPhoneSimulator.Build.0 = Debug|Any CPU
		{8DB8EF34-ACBC-472B-A91E-86EAD0333C46}.Release|Any CPU.ActiveCfg = Release|Any CPU
		{8DB8EF34-ACBC-472B-A91E-86EAD0333C46}.Release|Any CPU.Build.0 = Release|Any CPU
		{8DB8EF34-ACBC-472B-A91E-86EAD0333C46}.Release|iPhone.ActiveCfg = Release|Any CPU
		{8DB8EF34-ACBC-472B-A91E-86EAD0333C46}.Release|iPhone.Build.0 = Release|Any CPU
		{8DB8EF34-ACBC-472B-A91E-86EAD0333C46}.Release|iPhoneSimulator.ActiveCfg = Release|Any CPU
		{8DB8EF34-ACBC-472B-A91E-86EAD0333C46}.Release|iPhoneSimulator.Build.0 = Release|Any CPU
		{49621984-BABA-4864-9065-D9C8B645828F}.Debug|Any CPU.ActiveCfg = Debug|Any CPU
		{49621984-BABA-4864-9065-D9C8B645828F}.Debug|Any CPU.Build.0 = Debug|Any CPU
		{49621984-BABA-4864-9065-D9C8B645828F}.Debug|iPhone.ActiveCfg = Debug|Any CPU
		{49621984-BABA-4864-9065-D9C8B645828F}.Debug|iPhone.Build.0 = Debug|Any CPU
		{49621984-BABA-4864-9065-D9C8B645828F}.Debug|iPhoneSimulator.ActiveCfg = Debug|Any CPU
		{49621984-BABA-4864-9065-D9C8B645828F}.Debug|iPhoneSimulator.Build.0 = Debug|Any CPU
		{49621984-BABA-4864-9065-D9C8B645828F}.Release|Any CPU.ActiveCfg = Release|Any CPU
		{49621984-BABA-4864-9065-D9C8B645828F}.Release|Any CPU.Build.0 = Release|Any CPU
		{49621984-BABA-4864-9065-D9C8B645828F}.Release|iPhone.ActiveCfg = Release|Any CPU
		{49621984-BABA-4864-9065-D9C8B645828F}.Release|iPhone.Build.0 = Release|Any CPU
		{49621984-BABA-4864-9065-D9C8B645828F}.Release|iPhoneSimulator.ActiveCfg = Release|Any CPU
		{49621984-BABA-4864-9065-D9C8B645828F}.Release|iPhoneSimulator.Build.0 = Release|Any CPU
		{0B50BF77-6D06-448F-8048-D52FC1D6C940}.Debug|Any CPU.ActiveCfg = Debug|Any CPU
		{0B50BF77-6D06-448F-8048-D52FC1D6C940}.Debug|Any CPU.Build.0 = Debug|Any CPU
		{0B50BF77-6D06-448F-8048-D52FC1D6C940}.Debug|iPhone.ActiveCfg = Debug|Any CPU
		{0B50BF77-6D06-448F-8048-D52FC1D6C940}.Debug|iPhone.Build.0 = Debug|Any CPU
		{0B50BF77-6D06-448F-8048-D52FC1D6C940}.Debug|iPhoneSimulator.ActiveCfg = Debug|Any CPU
		{0B50BF77-6D06-448F-8048-D52FC1D6C940}.Debug|iPhoneSimulator.Build.0 = Debug|Any CPU
		{0B50BF77-6D06-448F-8048-D52FC1D6C940}.Release|Any CPU.ActiveCfg = Release|Any CPU
		{0B50BF77-6D06-448F-8048-D52FC1D6C940}.Release|Any CPU.Build.0 = Release|Any CPU
		{0B50BF77-6D06-448F-8048-D52FC1D6C940}.Release|iPhone.ActiveCfg = Release|Any CPU
		{0B50BF77-6D06-448F-8048-D52FC1D6C940}.Release|iPhone.Build.0 = Release|Any CPU
		{0B50BF77-6D06-448F-8048-D52FC1D6C940}.Release|iPhoneSimulator.ActiveCfg = Release|Any CPU
		{0B50BF77-6D06-448F-8048-D52FC1D6C940}.Release|iPhoneSimulator.Build.0 = Release|Any CPU
		{61094D3D-545E-46EE-85F9-463A7507A1F8}.Debug|Any CPU.ActiveCfg = Debug|Any CPU
		{61094D3D-545E-46EE-85F9-463A7507A1F8}.Debug|Any CPU.Build.0 = Debug|Any CPU
		{61094D3D-545E-46EE-85F9-463A7507A1F8}.Debug|iPhone.ActiveCfg = Debug|Any CPU
		{61094D3D-545E-46EE-85F9-463A7507A1F8}.Debug|iPhone.Build.0 = Debug|Any CPU
		{61094D3D-545E-46EE-85F9-463A7507A1F8}.Debug|iPhoneSimulator.ActiveCfg = Debug|Any CPU
		{61094D3D-545E-46EE-85F9-463A7507A1F8}.Debug|iPhoneSimulator.Build.0 = Debug|Any CPU
		{61094D3D-545E-46EE-85F9-463A7507A1F8}.Release|Any CPU.ActiveCfg = Release|Any CPU
		{61094D3D-545E-46EE-85F9-463A7507A1F8}.Release|Any CPU.Build.0 = Release|Any CPU
		{61094D3D-545E-46EE-85F9-463A7507A1F8}.Release|iPhone.ActiveCfg = Release|Any CPU
		{61094D3D-545E-46EE-85F9-463A7507A1F8}.Release|iPhone.Build.0 = Release|Any CPU
		{61094D3D-545E-46EE-85F9-463A7507A1F8}.Release|iPhoneSimulator.ActiveCfg = Release|Any CPU
		{61094D3D-545E-46EE-85F9-463A7507A1F8}.Release|iPhoneSimulator.Build.0 = Release|Any CPU
		{CEE51904-6AEF-4452-A8B2-C21BB82C94E2}.Debug|Any CPU.ActiveCfg = Debug|Any CPU
		{CEE51904-6AEF-4452-A8B2-C21BB82C94E2}.Debug|Any CPU.Build.0 = Debug|Any CPU
		{CEE51904-6AEF-4452-A8B2-C21BB82C94E2}.Debug|iPhone.ActiveCfg = Debug|Any CPU
		{CEE51904-6AEF-4452-A8B2-C21BB82C94E2}.Debug|iPhone.Build.0 = Debug|Any CPU
		{CEE51904-6AEF-4452-A8B2-C21BB82C94E2}.Debug|iPhoneSimulator.ActiveCfg = Debug|Any CPU
		{CEE51904-6AEF-4452-A8B2-C21BB82C94E2}.Debug|iPhoneSimulator.Build.0 = Debug|Any CPU
		{CEE51904-6AEF-4452-A8B2-C21BB82C94E2}.Release|Any CPU.ActiveCfg = Release|Any CPU
		{CEE51904-6AEF-4452-A8B2-C21BB82C94E2}.Release|Any CPU.Build.0 = Release|Any CPU
		{CEE51904-6AEF-4452-A8B2-C21BB82C94E2}.Release|iPhone.ActiveCfg = Release|Any CPU
		{CEE51904-6AEF-4452-A8B2-C21BB82C94E2}.Release|iPhone.Build.0 = Release|Any CPU
		{CEE51904-6AEF-4452-A8B2-C21BB82C94E2}.Release|iPhoneSimulator.ActiveCfg = Release|Any CPU
		{CEE51904-6AEF-4452-A8B2-C21BB82C94E2}.Release|iPhoneSimulator.Build.0 = Release|Any CPU
		{25F52C0B-8C1B-4245-AFF1-2EEB263C49E9}.Debug|Any CPU.ActiveCfg = Debug|Any CPU
		{25F52C0B-8C1B-4245-AFF1-2EEB263C49E9}.Debug|Any CPU.Build.0 = Debug|Any CPU
		{25F52C0B-8C1B-4245-AFF1-2EEB263C49E9}.Debug|iPhone.ActiveCfg = Debug|Any CPU
		{25F52C0B-8C1B-4245-AFF1-2EEB263C49E9}.Debug|iPhone.Build.0 = Debug|Any CPU
		{25F52C0B-8C1B-4245-AFF1-2EEB263C49E9}.Debug|iPhoneSimulator.ActiveCfg = Debug|Any CPU
		{25F52C0B-8C1B-4245-AFF1-2EEB263C49E9}.Debug|iPhoneSimulator.Build.0 = Debug|Any CPU
		{25F52C0B-8C1B-4245-AFF1-2EEB263C49E9}.Release|Any CPU.ActiveCfg = Release|Any CPU
		{25F52C0B-8C1B-4245-AFF1-2EEB263C49E9}.Release|Any CPU.Build.0 = Release|Any CPU
		{25F52C0B-8C1B-4245-AFF1-2EEB263C49E9}.Release|iPhone.ActiveCfg = Release|Any CPU
		{25F52C0B-8C1B-4245-AFF1-2EEB263C49E9}.Release|iPhone.Build.0 = Release|Any CPU
		{25F52C0B-8C1B-4245-AFF1-2EEB263C49E9}.Release|iPhoneSimulator.ActiveCfg = Release|Any CPU
		{25F52C0B-8C1B-4245-AFF1-2EEB263C49E9}.Release|iPhoneSimulator.Build.0 = Release|Any CPU
		{530E21BA-A725-4714-8678-74CCA5CDBB38}.Debug|Any CPU.ActiveCfg = Debug|Any CPU
		{530E21BA-A725-4714-8678-74CCA5CDBB38}.Debug|Any CPU.Build.0 = Debug|Any CPU
		{530E21BA-A725-4714-8678-74CCA5CDBB38}.Debug|iPhone.ActiveCfg = Debug|Any CPU
		{530E21BA-A725-4714-8678-74CCA5CDBB38}.Debug|iPhone.Build.0 = Debug|Any CPU
		{530E21BA-A725-4714-8678-74CCA5CDBB38}.Debug|iPhoneSimulator.ActiveCfg = Debug|Any CPU
		{530E21BA-A725-4714-8678-74CCA5CDBB38}.Debug|iPhoneSimulator.Build.0 = Debug|Any CPU
		{530E21BA-A725-4714-8678-74CCA5CDBB38}.Release|Any CPU.ActiveCfg = Release|Any CPU
		{530E21BA-A725-4714-8678-74CCA5CDBB38}.Release|Any CPU.Build.0 = Release|Any CPU
		{530E21BA-A725-4714-8678-74CCA5CDBB38}.Release|iPhone.ActiveCfg = Release|Any CPU
		{530E21BA-A725-4714-8678-74CCA5CDBB38}.Release|iPhone.Build.0 = Release|Any CPU
		{530E21BA-A725-4714-8678-74CCA5CDBB38}.Release|iPhoneSimulator.ActiveCfg = Release|Any CPU
		{530E21BA-A725-4714-8678-74CCA5CDBB38}.Release|iPhoneSimulator.Build.0 = Release|Any CPU
		{00E0CDDC-B671-4876-8E78-927C50D2596A}.Debug|Any CPU.ActiveCfg = Debug|Any CPU
		{00E0CDDC-B671-4876-8E78-927C50D2596A}.Debug|Any CPU.Build.0 = Debug|Any CPU
		{00E0CDDC-B671-4876-8E78-927C50D2596A}.Debug|iPhone.ActiveCfg = Debug|Any CPU
		{00E0CDDC-B671-4876-8E78-927C50D2596A}.Debug|iPhone.Build.0 = Debug|Any CPU
		{00E0CDDC-B671-4876-8E78-927C50D2596A}.Debug|iPhoneSimulator.ActiveCfg = Debug|Any CPU
		{00E0CDDC-B671-4876-8E78-927C50D2596A}.Debug|iPhoneSimulator.Build.0 = Debug|Any CPU
		{00E0CDDC-B671-4876-8E78-927C50D2596A}.Release|Any CPU.ActiveCfg = Release|Any CPU
		{00E0CDDC-B671-4876-8E78-927C50D2596A}.Release|Any CPU.Build.0 = Release|Any CPU
		{00E0CDDC-B671-4876-8E78-927C50D2596A}.Release|iPhone.ActiveCfg = Release|Any CPU
		{00E0CDDC-B671-4876-8E78-927C50D2596A}.Release|iPhone.Build.0 = Release|Any CPU
		{00E0CDDC-B671-4876-8E78-927C50D2596A}.Release|iPhoneSimulator.ActiveCfg = Release|Any CPU
		{00E0CDDC-B671-4876-8E78-927C50D2596A}.Release|iPhoneSimulator.Build.0 = Release|Any CPU
		{48ADFBE6-0CBA-4317-8371-250A7F0647AE}.Debug|Any CPU.ActiveCfg = Debug|Any CPU
		{48ADFBE6-0CBA-4317-8371-250A7F0647AE}.Debug|Any CPU.Build.0 = Debug|Any CPU
		{48ADFBE6-0CBA-4317-8371-250A7F0647AE}.Debug|iPhone.ActiveCfg = Debug|Any CPU
		{48ADFBE6-0CBA-4317-8371-250A7F0647AE}.Debug|iPhone.Build.0 = Debug|Any CPU
		{48ADFBE6-0CBA-4317-8371-250A7F0647AE}.Debug|iPhoneSimulator.ActiveCfg = Debug|Any CPU
		{48ADFBE6-0CBA-4317-8371-250A7F0647AE}.Debug|iPhoneSimulator.Build.0 = Debug|Any CPU
		{48ADFBE6-0CBA-4317-8371-250A7F0647AE}.Release|Any CPU.ActiveCfg = Release|Any CPU
		{48ADFBE6-0CBA-4317-8371-250A7F0647AE}.Release|Any CPU.Build.0 = Release|Any CPU
		{48ADFBE6-0CBA-4317-8371-250A7F0647AE}.Release|iPhone.ActiveCfg = Release|Any CPU
		{48ADFBE6-0CBA-4317-8371-250A7F0647AE}.Release|iPhone.Build.0 = Release|Any CPU
		{48ADFBE6-0CBA-4317-8371-250A7F0647AE}.Release|iPhoneSimulator.ActiveCfg = Release|Any CPU
		{48ADFBE6-0CBA-4317-8371-250A7F0647AE}.Release|iPhoneSimulator.Build.0 = Release|Any CPU
		{1D9DAC1B-92F4-4EFE-B915-5A998435B02F}.Debug|Any CPU.ActiveCfg = Debug|Any CPU
		{1D9DAC1B-92F4-4EFE-B915-5A998435B02F}.Debug|Any CPU.Build.0 = Debug|Any CPU
		{1D9DAC1B-92F4-4EFE-B915-5A998435B02F}.Debug|iPhone.ActiveCfg = Debug|Any CPU
		{1D9DAC1B-92F4-4EFE-B915-5A998435B02F}.Debug|iPhone.Build.0 = Debug|Any CPU
		{1D9DAC1B-92F4-4EFE-B915-5A998435B02F}.Debug|iPhoneSimulator.ActiveCfg = Debug|Any CPU
		{1D9DAC1B-92F4-4EFE-B915-5A998435B02F}.Debug|iPhoneSimulator.Build.0 = Debug|Any CPU
		{1D9DAC1B-92F4-4EFE-B915-5A998435B02F}.Release|Any CPU.ActiveCfg = Release|Any CPU
		{1D9DAC1B-92F4-4EFE-B915-5A998435B02F}.Release|Any CPU.Build.0 = Release|Any CPU
		{1D9DAC1B-92F4-4EFE-B915-5A998435B02F}.Release|iPhone.ActiveCfg = Release|Any CPU
		{1D9DAC1B-92F4-4EFE-B915-5A998435B02F}.Release|iPhone.Build.0 = Release|Any CPU
		{1D9DAC1B-92F4-4EFE-B915-5A998435B02F}.Release|iPhoneSimulator.ActiveCfg = Release|Any CPU
		{1D9DAC1B-92F4-4EFE-B915-5A998435B02F}.Release|iPhoneSimulator.Build.0 = Release|Any CPU
		{1D0CE227-36B2-472B-B4C1-BD366598171E}.Debug|Any CPU.ActiveCfg = Debug|Any CPU
		{1D0CE227-36B2-472B-B4C1-BD366598171E}.Debug|Any CPU.Build.0 = Debug|Any CPU
		{1D0CE227-36B2-472B-B4C1-BD366598171E}.Debug|Any CPU.Deploy.0 = Debug|Any CPU
		{1D0CE227-36B2-472B-B4C1-BD366598171E}.Debug|iPhone.ActiveCfg = Debug|Any CPU
		{1D0CE227-36B2-472B-B4C1-BD366598171E}.Debug|iPhone.Build.0 = Debug|Any CPU
		{1D0CE227-36B2-472B-B4C1-BD366598171E}.Debug|iPhoneSimulator.ActiveCfg = Debug|Any CPU
		{1D0CE227-36B2-472B-B4C1-BD366598171E}.Debug|iPhoneSimulator.Build.0 = Debug|Any CPU
		{1D0CE227-36B2-472B-B4C1-BD366598171E}.Release|Any CPU.ActiveCfg = Release|Any CPU
		{1D0CE227-36B2-472B-B4C1-BD366598171E}.Release|Any CPU.Build.0 = Release|Any CPU
		{1D0CE227-36B2-472B-B4C1-BD366598171E}.Release|iPhone.ActiveCfg = Release|Any CPU
		{1D0CE227-36B2-472B-B4C1-BD366598171E}.Release|iPhone.Build.0 = Release|Any CPU
		{1D0CE227-36B2-472B-B4C1-BD366598171E}.Release|iPhoneSimulator.ActiveCfg = Release|Any CPU
		{1D0CE227-36B2-472B-B4C1-BD366598171E}.Release|iPhoneSimulator.Build.0 = Release|Any CPU
		{6E550633-367E-41D1-A426-904785CCE2CA}.Debug|Any CPU.ActiveCfg = Debug|iPhoneSimulator
		{6E550633-367E-41D1-A426-904785CCE2CA}.Debug|Any CPU.Build.0 = Debug|iPhoneSimulator
		{6E550633-367E-41D1-A426-904785CCE2CA}.Debug|iPhone.ActiveCfg = Debug|iPhone
		{6E550633-367E-41D1-A426-904785CCE2CA}.Debug|iPhone.Build.0 = Debug|iPhone
		{6E550633-367E-41D1-A426-904785CCE2CA}.Debug|iPhoneSimulator.ActiveCfg = Debug|iPhoneSimulator
		{6E550633-367E-41D1-A426-904785CCE2CA}.Debug|iPhoneSimulator.Build.0 = Debug|iPhoneSimulator
		{6E550633-367E-41D1-A426-904785CCE2CA}.Release|Any CPU.ActiveCfg = Release|iPhoneSimulator
		{6E550633-367E-41D1-A426-904785CCE2CA}.Release|Any CPU.Build.0 = Release|iPhoneSimulator
		{6E550633-367E-41D1-A426-904785CCE2CA}.Release|iPhone.ActiveCfg = Release|iPhone
		{6E550633-367E-41D1-A426-904785CCE2CA}.Release|iPhone.Build.0 = Release|iPhone
		{6E550633-367E-41D1-A426-904785CCE2CA}.Release|iPhoneSimulator.ActiveCfg = Release|iPhoneSimulator
		{6E550633-367E-41D1-A426-904785CCE2CA}.Release|iPhoneSimulator.Build.0 = Release|iPhoneSimulator
		{9AD7EA4E-8576-49CF-91A8-4824AE830A3E}.Debug|Any CPU.ActiveCfg = Debug|Any CPU
		{9AD7EA4E-8576-49CF-91A8-4824AE830A3E}.Debug|Any CPU.Build.0 = Debug|Any CPU
		{9AD7EA4E-8576-49CF-91A8-4824AE830A3E}.Debug|iPhone.ActiveCfg = Debug|Any CPU
		{9AD7EA4E-8576-49CF-91A8-4824AE830A3E}.Debug|iPhone.Build.0 = Debug|Any CPU
		{9AD7EA4E-8576-49CF-91A8-4824AE830A3E}.Debug|iPhoneSimulator.ActiveCfg = Debug|Any CPU
		{9AD7EA4E-8576-49CF-91A8-4824AE830A3E}.Debug|iPhoneSimulator.Build.0 = Debug|Any CPU
		{9AD7EA4E-8576-49CF-91A8-4824AE830A3E}.Release|Any CPU.ActiveCfg = Release|Any CPU
		{9AD7EA4E-8576-49CF-91A8-4824AE830A3E}.Release|Any CPU.Build.0 = Release|Any CPU
		{9AD7EA4E-8576-49CF-91A8-4824AE830A3E}.Release|iPhone.ActiveCfg = Release|Any CPU
		{9AD7EA4E-8576-49CF-91A8-4824AE830A3E}.Release|iPhone.Build.0 = Release|Any CPU
		{9AD7EA4E-8576-49CF-91A8-4824AE830A3E}.Release|iPhoneSimulator.ActiveCfg = Release|Any CPU
		{9AD7EA4E-8576-49CF-91A8-4824AE830A3E}.Release|iPhoneSimulator.Build.0 = Release|Any CPU
		{BA12E67E-1CDD-40BE-A278-E337A5AEA776}.Debug|Any CPU.ActiveCfg = Debug|Any CPU
		{BA12E67E-1CDD-40BE-A278-E337A5AEA776}.Debug|Any CPU.Build.0 = Debug|Any CPU
		{BA12E67E-1CDD-40BE-A278-E337A5AEA776}.Debug|iPhone.ActiveCfg = Debug|Any CPU
		{BA12E67E-1CDD-40BE-A278-E337A5AEA776}.Debug|iPhone.Build.0 = Debug|Any CPU
		{BA12E67E-1CDD-40BE-A278-E337A5AEA776}.Debug|iPhoneSimulator.ActiveCfg = Debug|Any CPU
		{BA12E67E-1CDD-40BE-A278-E337A5AEA776}.Debug|iPhoneSimulator.Build.0 = Debug|Any CPU
		{BA12E67E-1CDD-40BE-A278-E337A5AEA776}.Release|Any CPU.ActiveCfg = Release|Any CPU
		{BA12E67E-1CDD-40BE-A278-E337A5AEA776}.Release|Any CPU.Build.0 = Release|Any CPU
		{BA12E67E-1CDD-40BE-A278-E337A5AEA776}.Release|iPhone.ActiveCfg = Release|Any CPU
		{BA12E67E-1CDD-40BE-A278-E337A5AEA776}.Release|iPhone.Build.0 = Release|Any CPU
		{BA12E67E-1CDD-40BE-A278-E337A5AEA776}.Release|iPhoneSimulator.ActiveCfg = Release|Any CPU
		{BA12E67E-1CDD-40BE-A278-E337A5AEA776}.Release|iPhoneSimulator.Build.0 = Release|Any CPU
		{CECB3A89-AF45-44E5-A4C0-767092857B17}.Debug|Any CPU.ActiveCfg = Debug|Any CPU
		{CECB3A89-AF45-44E5-A4C0-767092857B17}.Debug|Any CPU.Build.0 = Debug|Any CPU
		{CECB3A89-AF45-44E5-A4C0-767092857B17}.Debug|iPhone.ActiveCfg = Debug|Any CPU
		{CECB3A89-AF45-44E5-A4C0-767092857B17}.Debug|iPhone.Build.0 = Debug|Any CPU
		{CECB3A89-AF45-44E5-A4C0-767092857B17}.Debug|iPhoneSimulator.ActiveCfg = Debug|Any CPU
		{CECB3A89-AF45-44E5-A4C0-767092857B17}.Debug|iPhoneSimulator.Build.0 = Debug|Any CPU
		{CECB3A89-AF45-44E5-A4C0-767092857B17}.Release|Any CPU.ActiveCfg = Release|Any CPU
		{CECB3A89-AF45-44E5-A4C0-767092857B17}.Release|Any CPU.Build.0 = Release|Any CPU
		{CECB3A89-AF45-44E5-A4C0-767092857B17}.Release|iPhone.ActiveCfg = Release|Any CPU
		{CECB3A89-AF45-44E5-A4C0-767092857B17}.Release|iPhone.Build.0 = Release|Any CPU
		{CECB3A89-AF45-44E5-A4C0-767092857B17}.Release|iPhoneSimulator.ActiveCfg = Release|Any CPU
		{CECB3A89-AF45-44E5-A4C0-767092857B17}.Release|iPhoneSimulator.Build.0 = Release|Any CPU
		{7C317E5D-9DCA-43E2-8116-B852D8E12E44}.Debug|Any CPU.ActiveCfg = Debug|iPhoneSimulator
		{7C317E5D-9DCA-43E2-8116-B852D8E12E44}.Debug|Any CPU.Build.0 = Debug|iPhoneSimulator
		{7C317E5D-9DCA-43E2-8116-B852D8E12E44}.Debug|iPhone.ActiveCfg = Debug|iPhone
		{7C317E5D-9DCA-43E2-8116-B852D8E12E44}.Debug|iPhone.Build.0 = Debug|iPhone
		{7C317E5D-9DCA-43E2-8116-B852D8E12E44}.Debug|iPhoneSimulator.ActiveCfg = Debug|iPhoneSimulator
		{7C317E5D-9DCA-43E2-8116-B852D8E12E44}.Debug|iPhoneSimulator.Build.0 = Debug|iPhoneSimulator
		{7C317E5D-9DCA-43E2-8116-B852D8E12E44}.Release|Any CPU.ActiveCfg = Release|iPhoneSimulator
		{7C317E5D-9DCA-43E2-8116-B852D8E12E44}.Release|Any CPU.Build.0 = Release|iPhoneSimulator
		{7C317E5D-9DCA-43E2-8116-B852D8E12E44}.Release|iPhone.ActiveCfg = Release|iPhone
		{7C317E5D-9DCA-43E2-8116-B852D8E12E44}.Release|iPhone.Build.0 = Release|iPhone
		{7C317E5D-9DCA-43E2-8116-B852D8E12E44}.Release|iPhoneSimulator.ActiveCfg = Release|iPhoneSimulator
		{7C317E5D-9DCA-43E2-8116-B852D8E12E44}.Release|iPhoneSimulator.Build.0 = Release|iPhoneSimulator
		{68B96681-EF89-4F47-96C9-65AA37883C0A}.Debug|Any CPU.ActiveCfg = Debug|Any CPU
		{68B96681-EF89-4F47-96C9-65AA37883C0A}.Debug|Any CPU.Build.0 = Debug|Any CPU
		{68B96681-EF89-4F47-96C9-65AA37883C0A}.Debug|iPhone.ActiveCfg = Debug|Any CPU
		{68B96681-EF89-4F47-96C9-65AA37883C0A}.Debug|iPhone.Build.0 = Debug|Any CPU
		{68B96681-EF89-4F47-96C9-65AA37883C0A}.Debug|iPhoneSimulator.ActiveCfg = Debug|Any CPU
		{68B96681-EF89-4F47-96C9-65AA37883C0A}.Debug|iPhoneSimulator.Build.0 = Debug|Any CPU
		{68B96681-EF89-4F47-96C9-65AA37883C0A}.Release|Any CPU.ActiveCfg = Release|Any CPU
		{68B96681-EF89-4F47-96C9-65AA37883C0A}.Release|Any CPU.Build.0 = Release|Any CPU
		{68B96681-EF89-4F47-96C9-65AA37883C0A}.Release|iPhone.ActiveCfg = Release|Any CPU
		{68B96681-EF89-4F47-96C9-65AA37883C0A}.Release|iPhone.Build.0 = Release|Any CPU
		{68B96681-EF89-4F47-96C9-65AA37883C0A}.Release|iPhoneSimulator.ActiveCfg = Release|Any CPU
		{68B96681-EF89-4F47-96C9-65AA37883C0A}.Release|iPhoneSimulator.Build.0 = Release|Any CPU
		{2EAA5D09-B436-40F8-A1F3-7E9ACDE2E8C0}.Debug|Any CPU.ActiveCfg = Debug|Any CPU
		{2EAA5D09-B436-40F8-A1F3-7E9ACDE2E8C0}.Debug|Any CPU.Build.0 = Debug|Any CPU
		{2EAA5D09-B436-40F8-A1F3-7E9ACDE2E8C0}.Debug|iPhone.ActiveCfg = Debug|Any CPU
		{2EAA5D09-B436-40F8-A1F3-7E9ACDE2E8C0}.Debug|iPhone.Build.0 = Debug|Any CPU
		{2EAA5D09-B436-40F8-A1F3-7E9ACDE2E8C0}.Debug|iPhoneSimulator.ActiveCfg = Debug|Any CPU
		{2EAA5D09-B436-40F8-A1F3-7E9ACDE2E8C0}.Debug|iPhoneSimulator.Build.0 = Debug|Any CPU
		{2EAA5D09-B436-40F8-A1F3-7E9ACDE2E8C0}.Release|Any CPU.ActiveCfg = Release|Any CPU
		{2EAA5D09-B436-40F8-A1F3-7E9ACDE2E8C0}.Release|Any CPU.Build.0 = Release|Any CPU
		{2EAA5D09-B436-40F8-A1F3-7E9ACDE2E8C0}.Release|iPhone.ActiveCfg = Release|Any CPU
		{2EAA5D09-B436-40F8-A1F3-7E9ACDE2E8C0}.Release|iPhone.Build.0 = Release|Any CPU
		{2EAA5D09-B436-40F8-A1F3-7E9ACDE2E8C0}.Release|iPhoneSimulator.ActiveCfg = Release|Any CPU
		{2EAA5D09-B436-40F8-A1F3-7E9ACDE2E8C0}.Release|iPhoneSimulator.Build.0 = Release|Any CPU
		{FC0AE786-B0F2-4F62-B898-E591B65014F0}.Debug|Any CPU.ActiveCfg = Debug|Any CPU
		{FC0AE786-B0F2-4F62-B898-E591B65014F0}.Debug|Any CPU.Build.0 = Debug|Any CPU
		{FC0AE786-B0F2-4F62-B898-E591B65014F0}.Debug|iPhone.ActiveCfg = Debug|Any CPU
		{FC0AE786-B0F2-4F62-B898-E591B65014F0}.Debug|iPhone.Build.0 = Debug|Any CPU
		{FC0AE786-B0F2-4F62-B898-E591B65014F0}.Debug|iPhoneSimulator.ActiveCfg = Debug|Any CPU
		{FC0AE786-B0F2-4F62-B898-E591B65014F0}.Debug|iPhoneSimulator.Build.0 = Debug|Any CPU
		{FC0AE786-B0F2-4F62-B898-E591B65014F0}.Release|Any CPU.ActiveCfg = Release|Any CPU
		{FC0AE786-B0F2-4F62-B898-E591B65014F0}.Release|Any CPU.Build.0 = Release|Any CPU
		{FC0AE786-B0F2-4F62-B898-E591B65014F0}.Release|iPhone.ActiveCfg = Release|Any CPU
		{FC0AE786-B0F2-4F62-B898-E591B65014F0}.Release|iPhone.Build.0 = Release|Any CPU
		{FC0AE786-B0F2-4F62-B898-E591B65014F0}.Release|iPhoneSimulator.ActiveCfg = Release|Any CPU
		{FC0AE786-B0F2-4F62-B898-E591B65014F0}.Release|iPhoneSimulator.Build.0 = Release|Any CPU
		{592FEF99-BE8D-4111-909B-D7448835B157}.Debug|Any CPU.ActiveCfg = Debug|x86
		{592FEF99-BE8D-4111-909B-D7448835B157}.Debug|Any CPU.Build.0 = Debug|x86
		{592FEF99-BE8D-4111-909B-D7448835B157}.Debug|Any CPU.Deploy.0 = Debug|x86
		{592FEF99-BE8D-4111-909B-D7448835B157}.Debug|iPhone.ActiveCfg = Debug|x86
		{592FEF99-BE8D-4111-909B-D7448835B157}.Debug|iPhone.Build.0 = Debug|x86
		{592FEF99-BE8D-4111-909B-D7448835B157}.Debug|iPhoneSimulator.ActiveCfg = Debug|x86
		{592FEF99-BE8D-4111-909B-D7448835B157}.Debug|iPhoneSimulator.Build.0 = Debug|x86
		{592FEF99-BE8D-4111-909B-D7448835B157}.Release|Any CPU.ActiveCfg = Release|x86
		{592FEF99-BE8D-4111-909B-D7448835B157}.Release|Any CPU.Build.0 = Release|x86
		{592FEF99-BE8D-4111-909B-D7448835B157}.Release|Any CPU.Deploy.0 = Release|x86
		{592FEF99-BE8D-4111-909B-D7448835B157}.Release|iPhone.ActiveCfg = Release|x86
		{592FEF99-BE8D-4111-909B-D7448835B157}.Release|iPhone.Build.0 = Release|x86
		{592FEF99-BE8D-4111-909B-D7448835B157}.Release|iPhoneSimulator.ActiveCfg = Release|x86
		{592FEF99-BE8D-4111-909B-D7448835B157}.Release|iPhoneSimulator.Build.0 = Release|x86
		{01D2ED33-85CF-4DD5-A006-11DCBAE9C42F}.Debug|Any CPU.ActiveCfg = Debug|Any CPU
		{01D2ED33-85CF-4DD5-A006-11DCBAE9C42F}.Debug|Any CPU.Build.0 = Debug|Any CPU
		{01D2ED33-85CF-4DD5-A006-11DCBAE9C42F}.Debug|iPhone.ActiveCfg = Debug|Any CPU
		{01D2ED33-85CF-4DD5-A006-11DCBAE9C42F}.Debug|iPhone.Build.0 = Debug|Any CPU
		{01D2ED33-85CF-4DD5-A006-11DCBAE9C42F}.Debug|iPhoneSimulator.ActiveCfg = Debug|Any CPU
		{01D2ED33-85CF-4DD5-A006-11DCBAE9C42F}.Debug|iPhoneSimulator.Build.0 = Debug|Any CPU
		{01D2ED33-85CF-4DD5-A006-11DCBAE9C42F}.Release|Any CPU.ActiveCfg = Release|Any CPU
		{01D2ED33-85CF-4DD5-A006-11DCBAE9C42F}.Release|Any CPU.Build.0 = Release|Any CPU
		{01D2ED33-85CF-4DD5-A006-11DCBAE9C42F}.Release|iPhone.ActiveCfg = Release|Any CPU
		{01D2ED33-85CF-4DD5-A006-11DCBAE9C42F}.Release|iPhone.Build.0 = Release|Any CPU
		{01D2ED33-85CF-4DD5-A006-11DCBAE9C42F}.Release|iPhoneSimulator.ActiveCfg = Release|Any CPU
		{01D2ED33-85CF-4DD5-A006-11DCBAE9C42F}.Release|iPhoneSimulator.Build.0 = Release|Any CPU
		{C54EC583-AD7E-4F2B-AE63-47EAC75E1234}.Debug|Any CPU.ActiveCfg = Debug|Any CPU
		{C54EC583-AD7E-4F2B-AE63-47EAC75E1234}.Debug|Any CPU.Build.0 = Debug|Any CPU
		{C54EC583-AD7E-4F2B-AE63-47EAC75E1234}.Debug|iPhone.ActiveCfg = Debug|Any CPU
		{C54EC583-AD7E-4F2B-AE63-47EAC75E1234}.Debug|iPhone.Build.0 = Debug|Any CPU
		{C54EC583-AD7E-4F2B-AE63-47EAC75E1234}.Debug|iPhoneSimulator.ActiveCfg = Debug|Any CPU
		{C54EC583-AD7E-4F2B-AE63-47EAC75E1234}.Debug|iPhoneSimulator.Build.0 = Debug|Any CPU
		{C54EC583-AD7E-4F2B-AE63-47EAC75E1234}.Release|Any CPU.ActiveCfg = Release|Any CPU
		{C54EC583-AD7E-4F2B-AE63-47EAC75E1234}.Release|Any CPU.Build.0 = Release|Any CPU
		{C54EC583-AD7E-4F2B-AE63-47EAC75E1234}.Release|iPhone.ActiveCfg = Release|Any CPU
		{C54EC583-AD7E-4F2B-AE63-47EAC75E1234}.Release|iPhone.Build.0 = Release|Any CPU
		{C54EC583-AD7E-4F2B-AE63-47EAC75E1234}.Release|iPhoneSimulator.ActiveCfg = Release|Any CPU
		{C54EC583-AD7E-4F2B-AE63-47EAC75E1234}.Release|iPhoneSimulator.Build.0 = Release|Any CPU
		{034CC974-0FCB-497A-8B6B-A192482CCED6}.Debug|Any CPU.ActiveCfg = Debug|iPhoneSimulator
		{034CC974-0FCB-497A-8B6B-A192482CCED6}.Debug|Any CPU.Build.0 = Debug|iPhoneSimulator
		{034CC974-0FCB-497A-8B6B-A192482CCED6}.Debug|iPhone.ActiveCfg = Debug|iPhone
		{034CC974-0FCB-497A-8B6B-A192482CCED6}.Debug|iPhone.Build.0 = Debug|iPhone
		{034CC974-0FCB-497A-8B6B-A192482CCED6}.Debug|iPhoneSimulator.ActiveCfg = Debug|iPhoneSimulator
		{034CC974-0FCB-497A-8B6B-A192482CCED6}.Debug|iPhoneSimulator.Build.0 = Debug|iPhoneSimulator
		{034CC974-0FCB-497A-8B6B-A192482CCED6}.Release|Any CPU.ActiveCfg = Release|iPhoneSimulator
		{034CC974-0FCB-497A-8B6B-A192482CCED6}.Release|Any CPU.Build.0 = Release|iPhoneSimulator
		{034CC974-0FCB-497A-8B6B-A192482CCED6}.Release|iPhone.ActiveCfg = Release|iPhone
		{034CC974-0FCB-497A-8B6B-A192482CCED6}.Release|iPhone.Build.0 = Release|iPhone
		{034CC974-0FCB-497A-8B6B-A192482CCED6}.Release|iPhoneSimulator.ActiveCfg = Release|iPhoneSimulator
		{034CC974-0FCB-497A-8B6B-A192482CCED6}.Release|iPhoneSimulator.Build.0 = Release|iPhoneSimulator
		{30CE6E80-8241-4E5B-A026-55BBE1319487}.Debug|Any CPU.ActiveCfg = Debug|x86
		{30CE6E80-8241-4E5B-A026-55BBE1319487}.Debug|Any CPU.Build.0 = Debug|x86
		{30CE6E80-8241-4E5B-A026-55BBE1319487}.Debug|Any CPU.Deploy.0 = Debug|x86
		{30CE6E80-8241-4E5B-A026-55BBE1319487}.Debug|iPhone.ActiveCfg = Debug|x86
		{30CE6E80-8241-4E5B-A026-55BBE1319487}.Debug|iPhone.Build.0 = Debug|x86
		{30CE6E80-8241-4E5B-A026-55BBE1319487}.Debug|iPhoneSimulator.ActiveCfg = Debug|x86
		{30CE6E80-8241-4E5B-A026-55BBE1319487}.Debug|iPhoneSimulator.Build.0 = Debug|x86
		{30CE6E80-8241-4E5B-A026-55BBE1319487}.Release|Any CPU.ActiveCfg = Release|x86
		{30CE6E80-8241-4E5B-A026-55BBE1319487}.Release|Any CPU.Build.0 = Release|x86
		{30CE6E80-8241-4E5B-A026-55BBE1319487}.Release|Any CPU.Deploy.0 = Release|x86
		{30CE6E80-8241-4E5B-A026-55BBE1319487}.Release|iPhone.ActiveCfg = Release|x86
		{30CE6E80-8241-4E5B-A026-55BBE1319487}.Release|iPhone.Build.0 = Release|x86
		{30CE6E80-8241-4E5B-A026-55BBE1319487}.Release|iPhoneSimulator.ActiveCfg = Release|x86
		{30CE6E80-8241-4E5B-A026-55BBE1319487}.Release|iPhoneSimulator.Build.0 = Release|x86
	EndGlobalSection
	GlobalSection(SolutionProperties) = preSolution
		HideSolutionNode = FALSE
	EndGlobalSection
	GlobalSection(NestedProjects) = preSolution
		{18C59FAE-7950-4E00-9604-07D929B81397} = {D058C7C6-C2AA-4BD3-B734-F5AD3FBB37FC}
		{51AF4631-3172-4CE8-86BF-CC46E7D3E839} = {D058C7C6-C2AA-4BD3-B734-F5AD3FBB37FC}
		{2D408CF4-7360-44D2-BE5F-E6B02DFB62DB} = {2509D6A7-0AD1-49CD-A889-8E3E18D77AE5}
		{0BCBCD07-F38D-4B3E-B9C5-22EE4FBC27BC} = {C0C29A42-88D4-489E-8B7E-1DB7D9C2FB60}
		{8DB8EF34-ACBC-472B-A91E-86EAD0333C46} = {C0C29A42-88D4-489E-8B7E-1DB7D9C2FB60}
		{49621984-BABA-4864-9065-D9C8B645828F} = {CDB68A9B-5B4F-45CC-BFE3-8064D0950E82}
		{0B50BF77-6D06-448F-8048-D52FC1D6C940} = {2C891CAB-C6FC-4BB2-BA4D-5111E0E94AC8}
		{61094D3D-545E-46EE-85F9-463A7507A1F8} = {2509D6A7-0AD1-49CD-A889-8E3E18D77AE5}
		{CEE51904-6AEF-4452-A8B2-C21BB82C94E2} = {51AF4631-3172-4CE8-86BF-CC46E7D3E839}
		{25F52C0B-8C1B-4245-AFF1-2EEB263C49E9} = {C0C29A42-88D4-489E-8B7E-1DB7D9C2FB60}
		{530E21BA-A725-4714-8678-74CCA5CDBB38} = {C0C29A42-88D4-489E-8B7E-1DB7D9C2FB60}
		{00E0CDDC-B671-4876-8E78-927C50D2596A} = {2C891CAB-C6FC-4BB2-BA4D-5111E0E94AC8}
		{48ADFBE6-0CBA-4317-8371-250A7F0647AE} = {2C891CAB-C6FC-4BB2-BA4D-5111E0E94AC8}
		{1D9DAC1B-92F4-4EFE-B915-5A998435B02F} = {2509D6A7-0AD1-49CD-A889-8E3E18D77AE5}
		{1D0CE227-36B2-472B-B4C1-BD366598171E} = {51AF4631-3172-4CE8-86BF-CC46E7D3E839}
		{6E550633-367E-41D1-A426-904785CCE2CA} = {51AF4631-3172-4CE8-86BF-CC46E7D3E839}
		{9AD7EA4E-8576-49CF-91A8-4824AE830A3E} = {2509D6A7-0AD1-49CD-A889-8E3E18D77AE5}
		{BA12E67E-1CDD-40BE-A278-E337A5AEA776} = {65953E8D-44F0-4568-AEF8-0D129361D68F}
		{CECB3A89-AF45-44E5-A4C0-767092857B17} = {65953E8D-44F0-4568-AEF8-0D129361D68F}
		{7C317E5D-9DCA-43E2-8116-B852D8E12E44} = {65953E8D-44F0-4568-AEF8-0D129361D68F}
		{68B96681-EF89-4F47-96C9-65AA37883C0A} = {C0C29A42-88D4-489E-8B7E-1DB7D9C2FB60}
		{2EAA5D09-B436-40F8-A1F3-7E9ACDE2E8C0} = {2C891CAB-C6FC-4BB2-BA4D-5111E0E94AC8}
		{FC0AE786-B0F2-4F62-B898-E591B65014F0} = {2509D6A7-0AD1-49CD-A889-8E3E18D77AE5}
		{592FEF99-BE8D-4111-909B-D7448835B157} = {18C59FAE-7950-4E00-9604-07D929B81397}
		{01D2ED33-85CF-4DD5-A006-11DCBAE9C42F} = {18C59FAE-7950-4E00-9604-07D929B81397}
		{C54EC583-AD7E-4F2B-AE63-47EAC75E1234} = {18C59FAE-7950-4E00-9604-07D929B81397}
		{034CC974-0FCB-497A-8B6B-A192482CCED6} = {18C59FAE-7950-4E00-9604-07D929B81397}
		{30CE6E80-8241-4E5B-A026-55BBE1319487} = {51AF4631-3172-4CE8-86BF-CC46E7D3E839}
	EndGlobalSection
	GlobalSection(ExtensibilityGlobals) = postSolution
		SolutionGuid = {0795FAFE-8F2F-4FEE-809C-E25681BFD7DC}
	EndGlobalSection
EndGlobal
