
Microsoft Visual Studio Solution File, Format Version 12.00
# Visual Studio 2012
VisualStudioVersion = 12.0.31101.0
MinimumVisualStudioVersion = 10.0.40219.1
Project("{FAE04EC0-301F-11D3-BF4B-00C04F79EFBC}") = "Forms9Patch", "Forms9Patch\Forms9Patch\Forms9Patch.csproj", "{A45DEA17-78A3-464A-9E00-0342D0503B00}"
EndProject
Project("{FAE04EC0-301F-11D3-BF4B-00C04F79EFBC}") = "Forms9Patch.iOS", "Forms9Patch\Forms9Patch.iOS\Forms9Patch.iOS.csproj", "{1C6AB883-A0E1-4B84-91D9-FACA09F563F4}"
EndProject
Project("{2150E333-8FDC-42A3-9474-1A3956D46DE8}") = "Forms9Patch", "Forms9Patch", "{29B8E807-48C8-4A92-A4FE-58FADFA0F4EB}"
EndProject
Project("{FAE04EC0-301F-11D3-BF4B-00C04F79EFBC}") = "Forms9Patch.Droid", "Forms9Patch\Forms9Patch.Droid\Forms9Patch.Droid.csproj", "{2C7623D2-F5E9-4BF7-B0FF-5D753CEE80EB}"
EndProject
Project("{2150E333-8FDC-42A3-9474-1A3956D46DE8}") = "TestProject - NEW", "TestProject - NEW", "{8F8B58E8-CBB0-4036-9D2A-E3E5A4FDE15F}"
EndProject
Project("{FAE04EC0-301F-11D3-BF4B-00C04F79EFBC}") = "TestProject", "TestProject\TestProject\TestProject.csproj", "{5F026DB4-CAAE-4DE0-8105-FF133A3655B7}"
EndProject
Project("{FAE04EC0-301F-11D3-BF4B-00C04F79EFBC}") = "TestProject.Droid", "TestProject\TestProject.Droid\TestProject.Droid.csproj", "{6F877EA4-9297-4513-8D4B-8A04D096F27E}"
EndProject
Project("{FAE04EC0-301F-11D3-BF4B-00C04F79EFBC}") = "TestProject.iOS", "TestProject\TestProject.iOS\TestProject.iOS.csproj", "{1A7FACFB-952B-42CA-9D70-61CB0D5FDEDF}"
EndProject
Global
	GlobalSection(SolutionConfigurationPlatforms) = preSolution
		Debug|Any CPU = Debug|Any CPU
		Debug|iPhone = Debug|iPhone
		Debug|iPhoneSimulator = Debug|iPhoneSimulator
		Debug|Mixed Platforms = Debug|Mixed Platforms
		Release|Any CPU = Release|Any CPU
		Release|iPhone = Release|iPhone
		Release|iPhoneSimulator = Release|iPhoneSimulator
		Release|Mixed Platforms = Release|Mixed Platforms
		Turkey|Any CPU = Turkey|Any CPU
	EndGlobalSection
	GlobalSection(ProjectConfigurationPlatforms) = postSolution
		{1C6AB883-A0E1-4B84-91D9-FACA09F563F4}.Debug|Any CPU.ActiveCfg = Debug|Any CPU
		{1C6AB883-A0E1-4B84-91D9-FACA09F563F4}.Debug|Any CPU.Build.0 = Debug|Any CPU
		{1C6AB883-A0E1-4B84-91D9-FACA09F563F4}.Debug|iPhone.ActiveCfg = Debug|Any CPU
		{1C6AB883-A0E1-4B84-91D9-FACA09F563F4}.Debug|iPhone.Build.0 = Debug|Any CPU
		{1C6AB883-A0E1-4B84-91D9-FACA09F563F4}.Debug|iPhoneSimulator.ActiveCfg = Debug|Any CPU
		{1C6AB883-A0E1-4B84-91D9-FACA09F563F4}.Debug|iPhoneSimulator.Build.0 = Debug|Any CPU
		{1C6AB883-A0E1-4B84-91D9-FACA09F563F4}.Debug|Mixed Platforms.ActiveCfg = Debug|Any CPU
		{1C6AB883-A0E1-4B84-91D9-FACA09F563F4}.Debug|Mixed Platforms.Build.0 = Debug|Any CPU
		{1C6AB883-A0E1-4B84-91D9-FACA09F563F4}.Release|Any CPU.ActiveCfg = Release|Any CPU
		{1C6AB883-A0E1-4B84-91D9-FACA09F563F4}.Release|Any CPU.Build.0 = Release|Any CPU
		{1C6AB883-A0E1-4B84-91D9-FACA09F563F4}.Release|iPhone.ActiveCfg = Release|Any CPU
		{1C6AB883-A0E1-4B84-91D9-FACA09F563F4}.Release|iPhone.Build.0 = Release|Any CPU
		{1C6AB883-A0E1-4B84-91D9-FACA09F563F4}.Release|iPhoneSimulator.ActiveCfg = Release|Any CPU
		{1C6AB883-A0E1-4B84-91D9-FACA09F563F4}.Release|iPhoneSimulator.Build.0 = Release|Any CPU
		{1C6AB883-A0E1-4B84-91D9-FACA09F563F4}.Release|Mixed Platforms.ActiveCfg = Release|Any CPU
		{1C6AB883-A0E1-4B84-91D9-FACA09F563F4}.Release|Mixed Platforms.Build.0 = Release|Any CPU
		{1C6AB883-A0E1-4B84-91D9-FACA09F563F4}.Turkey|Any CPU.ActiveCfg = Debug|Any CPU
		{1C6AB883-A0E1-4B84-91D9-FACA09F563F4}.Turkey|Any CPU.Build.0 = Debug|Any CPU
		{A45DEA17-78A3-464A-9E00-0342D0503B00}.Debug|Any CPU.ActiveCfg = Debug|Any CPU
		{A45DEA17-78A3-464A-9E00-0342D0503B00}.Debug|Any CPU.Build.0 = Debug|Any CPU
		{A45DEA17-78A3-464A-9E00-0342D0503B00}.Debug|iPhone.ActiveCfg = Debug|Any CPU
		{A45DEA17-78A3-464A-9E00-0342D0503B00}.Debug|iPhone.Build.0 = Debug|Any CPU
		{A45DEA17-78A3-464A-9E00-0342D0503B00}.Debug|iPhoneSimulator.ActiveCfg = Debug|Any CPU
		{A45DEA17-78A3-464A-9E00-0342D0503B00}.Debug|iPhoneSimulator.Build.0 = Debug|Any CPU
		{A45DEA17-78A3-464A-9E00-0342D0503B00}.Debug|Mixed Platforms.ActiveCfg = Debug|Any CPU
		{A45DEA17-78A3-464A-9E00-0342D0503B00}.Debug|Mixed Platforms.Build.0 = Debug|Any CPU
		{A45DEA17-78A3-464A-9E00-0342D0503B00}.Release|Any CPU.ActiveCfg = Release|Any CPU
		{A45DEA17-78A3-464A-9E00-0342D0503B00}.Release|Any CPU.Build.0 = Release|Any CPU
		{A45DEA17-78A3-464A-9E00-0342D0503B00}.Release|iPhone.ActiveCfg = Release|Any CPU
		{A45DEA17-78A3-464A-9E00-0342D0503B00}.Release|iPhone.Build.0 = Release|Any CPU
		{A45DEA17-78A3-464A-9E00-0342D0503B00}.Release|iPhoneSimulator.ActiveCfg = Release|Any CPU
		{A45DEA17-78A3-464A-9E00-0342D0503B00}.Release|iPhoneSimulator.Build.0 = Release|Any CPU
		{A45DEA17-78A3-464A-9E00-0342D0503B00}.Release|Mixed Platforms.ActiveCfg = Release|Any CPU
		{A45DEA17-78A3-464A-9E00-0342D0503B00}.Release|Mixed Platforms.Build.0 = Release|Any CPU
		{A45DEA17-78A3-464A-9E00-0342D0503B00}.Turkey|Any CPU.ActiveCfg = Debug|Any CPU
		{A45DEA17-78A3-464A-9E00-0342D0503B00}.Turkey|Any CPU.Build.0 = Debug|Any CPU
		{2C7623D2-F5E9-4BF7-B0FF-5D753CEE80EB}.Debug|Any CPU.ActiveCfg = Debug|Any CPU
		{2C7623D2-F5E9-4BF7-B0FF-5D753CEE80EB}.Debug|Any CPU.Build.0 = Debug|Any CPU
		{2C7623D2-F5E9-4BF7-B0FF-5D753CEE80EB}.Debug|iPhone.ActiveCfg = Debug|Any CPU
		{2C7623D2-F5E9-4BF7-B0FF-5D753CEE80EB}.Debug|iPhone.Build.0 = Debug|Any CPU
		{2C7623D2-F5E9-4BF7-B0FF-5D753CEE80EB}.Debug|iPhoneSimulator.ActiveCfg = Debug|Any CPU
		{2C7623D2-F5E9-4BF7-B0FF-5D753CEE80EB}.Debug|iPhoneSimulator.Build.0 = Debug|Any CPU
		{2C7623D2-F5E9-4BF7-B0FF-5D753CEE80EB}.Debug|Mixed Platforms.ActiveCfg = Debug|Any CPU
		{2C7623D2-F5E9-4BF7-B0FF-5D753CEE80EB}.Debug|Mixed Platforms.Build.0 = Debug|Any CPU
		{2C7623D2-F5E9-4BF7-B0FF-5D753CEE80EB}.Release|Any CPU.ActiveCfg = Release|Any CPU
		{2C7623D2-F5E9-4BF7-B0FF-5D753CEE80EB}.Release|Any CPU.Build.0 = Release|Any CPU
		{2C7623D2-F5E9-4BF7-B0FF-5D753CEE80EB}.Release|iPhone.ActiveCfg = Release|Any CPU
		{2C7623D2-F5E9-4BF7-B0FF-5D753CEE80EB}.Release|iPhone.Build.0 = Release|Any CPU
		{2C7623D2-F5E9-4BF7-B0FF-5D753CEE80EB}.Release|iPhoneSimulator.ActiveCfg = Release|Any CPU
		{2C7623D2-F5E9-4BF7-B0FF-5D753CEE80EB}.Release|iPhoneSimulator.Build.0 = Release|Any CPU
		{2C7623D2-F5E9-4BF7-B0FF-5D753CEE80EB}.Release|Mixed Platforms.ActiveCfg = Release|Any CPU
		{2C7623D2-F5E9-4BF7-B0FF-5D753CEE80EB}.Release|Mixed Platforms.Build.0 = Release|Any CPU
		{2C7623D2-F5E9-4BF7-B0FF-5D753CEE80EB}.Turkey|Any CPU.ActiveCfg = Debug|Any CPU
		{2C7623D2-F5E9-4BF7-B0FF-5D753CEE80EB}.Turkey|Any CPU.Build.0 = Debug|Any CPU
		{5F026DB4-CAAE-4DE0-8105-FF133A3655B7}.Debug|Any CPU.ActiveCfg = Debug|Any CPU
		{5F026DB4-CAAE-4DE0-8105-FF133A3655B7}.Debug|Any CPU.Build.0 = Debug|Any CPU
		{5F026DB4-CAAE-4DE0-8105-FF133A3655B7}.Debug|iPhone.ActiveCfg = Debug|Any CPU
		{5F026DB4-CAAE-4DE0-8105-FF133A3655B7}.Debug|iPhone.Build.0 = Debug|Any CPU
		{5F026DB4-CAAE-4DE0-8105-FF133A3655B7}.Debug|iPhoneSimulator.ActiveCfg = Debug|Any CPU
		{5F026DB4-CAAE-4DE0-8105-FF133A3655B7}.Debug|iPhoneSimulator.Build.0 = Debug|Any CPU
		{5F026DB4-CAAE-4DE0-8105-FF133A3655B7}.Debug|Mixed Platforms.ActiveCfg = Debug|Any CPU
		{5F026DB4-CAAE-4DE0-8105-FF133A3655B7}.Debug|Mixed Platforms.Build.0 = Debug|Any CPU
		{5F026DB4-CAAE-4DE0-8105-FF133A3655B7}.Release|Any CPU.ActiveCfg = Release|Any CPU
		{5F026DB4-CAAE-4DE0-8105-FF133A3655B7}.Release|Any CPU.Build.0 = Release|Any CPU
		{5F026DB4-CAAE-4DE0-8105-FF133A3655B7}.Release|iPhone.ActiveCfg = Release|Any CPU
		{5F026DB4-CAAE-4DE0-8105-FF133A3655B7}.Release|iPhone.Build.0 = Release|Any CPU
		{5F026DB4-CAAE-4DE0-8105-FF133A3655B7}.Release|iPhoneSimulator.ActiveCfg = Release|Any CPU
		{5F026DB4-CAAE-4DE0-8105-FF133A3655B7}.Release|iPhoneSimulator.Build.0 = Release|Any CPU
		{5F026DB4-CAAE-4DE0-8105-FF133A3655B7}.Release|Mixed Platforms.ActiveCfg = Release|Any CPU
		{5F026DB4-CAAE-4DE0-8105-FF133A3655B7}.Release|Mixed Platforms.Build.0 = Release|Any CPU
		{5F026DB4-CAAE-4DE0-8105-FF133A3655B7}.Turkey|Any CPU.ActiveCfg = Debug|Any CPU
		{5F026DB4-CAAE-4DE0-8105-FF133A3655B7}.Turkey|Any CPU.Build.0 = Debug|Any CPU
		{6F877EA4-9297-4513-8D4B-8A04D096F27E}.Debug|Any CPU.ActiveCfg = Debug|Any CPU
		{6F877EA4-9297-4513-8D4B-8A04D096F27E}.Debug|Any CPU.Build.0 = Debug|Any CPU
		{6F877EA4-9297-4513-8D4B-8A04D096F27E}.Debug|iPhone.ActiveCfg = Debug|Any CPU
		{6F877EA4-9297-4513-8D4B-8A04D096F27E}.Debug|iPhone.Build.0 = Debug|Any CPU
		{6F877EA4-9297-4513-8D4B-8A04D096F27E}.Debug|iPhoneSimulator.ActiveCfg = Debug|Any CPU
		{6F877EA4-9297-4513-8D4B-8A04D096F27E}.Debug|iPhoneSimulator.Build.0 = Debug|Any CPU
		{6F877EA4-9297-4513-8D4B-8A04D096F27E}.Debug|Mixed Platforms.ActiveCfg = Debug|Any CPU
		{6F877EA4-9297-4513-8D4B-8A04D096F27E}.Debug|Mixed Platforms.Build.0 = Debug|Any CPU
		{6F877EA4-9297-4513-8D4B-8A04D096F27E}.Release|Any CPU.ActiveCfg = Release|Any CPU
		{6F877EA4-9297-4513-8D4B-8A04D096F27E}.Release|Any CPU.Build.0 = Release|Any CPU
		{6F877EA4-9297-4513-8D4B-8A04D096F27E}.Release|iPhone.ActiveCfg = Release|Any CPU
		{6F877EA4-9297-4513-8D4B-8A04D096F27E}.Release|iPhone.Build.0 = Release|Any CPU
		{6F877EA4-9297-4513-8D4B-8A04D096F27E}.Release|iPhoneSimulator.ActiveCfg = Release|Any CPU
		{6F877EA4-9297-4513-8D4B-8A04D096F27E}.Release|iPhoneSimulator.Build.0 = Release|Any CPU
		{6F877EA4-9297-4513-8D4B-8A04D096F27E}.Release|Mixed Platforms.ActiveCfg = Release|Any CPU
		{6F877EA4-9297-4513-8D4B-8A04D096F27E}.Release|Mixed Platforms.Build.0 = Release|Any CPU
		{6F877EA4-9297-4513-8D4B-8A04D096F27E}.Turkey|Any CPU.ActiveCfg = Debug|Any CPU
		{6F877EA4-9297-4513-8D4B-8A04D096F27E}.Turkey|Any CPU.Build.0 = Debug|Any CPU
		{1A7FACFB-952B-42CA-9D70-61CB0D5FDEDF}.Debug|Any CPU.ActiveCfg = Debug|iPhoneSimulator
		{1A7FACFB-952B-42CA-9D70-61CB0D5FDEDF}.Debug|Any CPU.Build.0 = Debug|iPhoneSimulator
		{1A7FACFB-952B-42CA-9D70-61CB0D5FDEDF}.Debug|iPhone.ActiveCfg = Debug|iPhone
		{1A7FACFB-952B-42CA-9D70-61CB0D5FDEDF}.Debug|iPhone.Build.0 = Debug|iPhone
		{1A7FACFB-952B-42CA-9D70-61CB0D5FDEDF}.Debug|iPhoneSimulator.ActiveCfg = Debug|iPhoneSimulator
		{1A7FACFB-952B-42CA-9D70-61CB0D5FDEDF}.Debug|iPhoneSimulator.Build.0 = Debug|iPhoneSimulator
		{1A7FACFB-952B-42CA-9D70-61CB0D5FDEDF}.Debug|Mixed Platforms.ActiveCfg = Debug|iPhoneSimulator
		{1A7FACFB-952B-42CA-9D70-61CB0D5FDEDF}.Debug|Mixed Platforms.Build.0 = Debug|iPhoneSimulator
		{1A7FACFB-952B-42CA-9D70-61CB0D5FDEDF}.Release|Any CPU.ActiveCfg = Release|iPhone
		{1A7FACFB-952B-42CA-9D70-61CB0D5FDEDF}.Release|Any CPU.Build.0 = Release|iPhone
		{1A7FACFB-952B-42CA-9D70-61CB0D5FDEDF}.Release|iPhone.ActiveCfg = Release|iPhone
		{1A7FACFB-952B-42CA-9D70-61CB0D5FDEDF}.Release|iPhone.Build.0 = Release|iPhone
		{1A7FACFB-952B-42CA-9D70-61CB0D5FDEDF}.Release|iPhoneSimulator.ActiveCfg = Release|iPhoneSimulator
		{1A7FACFB-952B-42CA-9D70-61CB0D5FDEDF}.Release|iPhoneSimulator.Build.0 = Release|iPhoneSimulator
		{1A7FACFB-952B-42CA-9D70-61CB0D5FDEDF}.Release|Mixed Platforms.ActiveCfg = Release|iPhone
		{1A7FACFB-952B-42CA-9D70-61CB0D5FDEDF}.Release|Mixed Platforms.Build.0 = Release|iPhone
		{1A7FACFB-952B-42CA-9D70-61CB0D5FDEDF}.Turkey|Any CPU.ActiveCfg = Debug|iPhoneSimulator
		{1A7FACFB-952B-42CA-9D70-61CB0D5FDEDF}.Turkey|Any CPU.Build.0 = Debug|iPhoneSimulator
	EndGlobalSection
	GlobalSection(MonoDevelopProperties) = preSolution
		description = @Xamarin Forms is great for developing apps on Android and iOS but it is missing an important tool for developers - multi-screen image management. Andriod developers use NinePatch bitmaps and its Resources folder structure for this purpose. Likewise, iOS developers use ResizeableImageWithCapInsets and its @2x, @3x, @4x naming convention for this purpose.\n\nForms 9 Patch extends Forms Image and ImageSource to allow an iOS and/or an Android approach to multi-screen image managment. Knowing that there are pros/cons of each approach, Forms 9 Patch goes a step further and allows you to mix and match features of each approach.
		version = 0.9.13.3
	EndGlobalSection
	GlobalSection(SolutionProperties) = preSolution
		HideSolutionNode = FALSE
	EndGlobalSection
	GlobalSection(NestedProjects) = preSolution
		{A45DEA17-78A3-464A-9E00-0342D0503B00} = {29B8E807-48C8-4A92-A4FE-58FADFA0F4EB}
		{1C6AB883-A0E1-4B84-91D9-FACA09F563F4} = {29B8E807-48C8-4A92-A4FE-58FADFA0F4EB}
		{2C7623D2-F5E9-4BF7-B0FF-5D753CEE80EB} = {29B8E807-48C8-4A92-A4FE-58FADFA0F4EB}
		{6F877EA4-9297-4513-8D4B-8A04D096F27E} = {8F8B58E8-CBB0-4036-9D2A-E3E5A4FDE15F}
		{1A7FACFB-952B-42CA-9D70-61CB0D5FDEDF} = {8F8B58E8-CBB0-4036-9D2A-E3E5A4FDE15F}
		{5F026DB4-CAAE-4DE0-8105-FF133A3655B7} = {8F8B58E8-CBB0-4036-9D2A-E3E5A4FDE15F}
	EndGlobalSection
EndGlobal
