Microsoft Visual Studio Solution File, Format Version 12.00
# Visual Studio Version 16
VisualStudioVersion = 16.0.29009.5
MinimumVisualStudioVersion = 10.0.40219.1
Project("{2150E333-8FDC-42A3-9474-1A3956D46DE8}") = "P42", "P42", "{C0C29A42-88D4-489E-8B7E-1DB7D9C2FB60}"
EndProject
Project("{2150E333-8FDC-42A3-9474-1A3956D46DE8}") = "MimeSharp", "MimeSharp", "{CDB68A9B-5B4F-45CC-BFE3-8064D0950E82}"
EndProject
Project("{2150E333-8FDC-42A3-9474-1A3956D46DE8}") = "FormsGestures", "FormsGestures", "{2C891CAB-C6FC-4BB2-BA4D-5111E0E94AC8}"
EndProject
Project("{2150E333-8FDC-42A3-9474-1A3956D46DE8}") = "Forms9Patch", "Forms9Patch", "{2509D6A7-0AD1-49CD-A889-8E3E18D77AE5}"
EndProject
Project("{2150E333-8FDC-42A3-9474-1A3956D46DE8}") = "Demo", "Demo", "{D058C7C6-C2AA-4BD3-B734-F5AD3FBB37FC}"
EndProject
Project("{2150E333-8FDC-42A3-9474-1A3956D46DE8}") = "FromNuGet", "FromNuGet", "{18C59FAE-7950-4E00-9604-07D929B81397}"
EndProject
Project("{2150E333-8FDC-42A3-9474-1A3956D46DE8}") = "FromSource", "FromSource", "{51AF4631-3172-4CE8-86BF-CC46E7D3E839}"
EndProject
Project("{FAE04EC0-301F-11D3-BF4B-00C04F79EFBC}") = "Forms9PatchDemo.NuGet.UWP", "Forms9PatchDemo.NuGet\Forms9PatchDemo.NuGet.UWP\Forms9PatchDemo.NuGet.UWP.csproj", "{592FEF99-BE8D-4111-909B-D7448835B157}"
EndProject
Project("{2150E333-8FDC-42A3-9474-1A3956D46DE8}") = "Forms9PatchDemo.ReDux", "Forms9PatchDemo.ReDux", "{CA6C9AB9-3D82-497E-8C4E-F0D95F38BFA1}"
EndProject
Project("{9344BDBB-3E7F-41FC-A0DD-8665D75EE146}") = "P42.Utils", "P42.Utils\P42.Utils\P42.Utils.csproj", "{169A86DE-A111-403B-94AB-5FEEFDE7CE1B}"
EndProject
Project("{9344BDBB-3E7F-41FC-A0DD-8665D75EE146}") = "P42.NumericalMethods", "P42.Utils\P42.NumericalMethods\P42.NumericalMethods.csproj", "{B21CD359-AE3F-48CA-BB19-2BA416B3D0E0}"
EndProject
Project("{9344BDBB-3E7F-41FC-A0DD-8665D75EE146}") = "P42.Utils.Droid", "P42.Utils\P42.Utils.Droid\P42.Utils.Droid.csproj", "{C66BD451-5583-450F-9237-394D509CA694}"
EndProject
Project("{9344BDBB-3E7F-41FC-A0DD-8665D75EE146}") = "P42.Utils.iOS", "P42.Utils\P42.Utils.iOS\P42.Utils.iOS.csproj", "{788D9D07-7F94-445F-A35F-AFC7B802B1B6}"
EndProject
Project("{9344BDBB-3E7F-41FC-A0DD-8665D75EE146}") = "P42.Utils.UWP", "P42.Utils\P42.Utils.UWP\P42.Utils.UWP.csproj", "{18C78FBF-9418-4B86-8086-A2BD3DC7C8A2}"
EndProject
Project("{9344BDBB-3E7F-41FC-A0DD-8665D75EE146}") = "MimeSharp", "MimeSharp\MimeSharp\MimeSharp.csproj", "{7273D6CE-170D-4E96-B1D7-946896DAD5B1}"
EndProject
Project("{9344BDBB-3E7F-41FC-A0DD-8665D75EE146}") = "FormsGestures", "FormsGestures\FormsGestures\FormsGestures.csproj", "{0AC7BFC9-1E78-4C10-90A3-FCB3928035D8}"
EndProject
Project("{9344BDBB-3E7F-41FC-A0DD-8665D75EE146}") = "FormsGestures.Droid", "FormsGestures\FormsGestures.Droid\FormsGestures.Droid.csproj", "{D36079CE-7AEC-4951-B58C-8A48A9C0522D}"
EndProject
Project("{9344BDBB-3E7F-41FC-A0DD-8665D75EE146}") = "FormsGestures.iOS", "FormsGestures\FormsGestures.iOS\FormsGestures.iOS.csproj", "{CB197B0A-7ADE-405C-BF0F-BCD9A60DB12A}"
EndProject
Project("{9344BDBB-3E7F-41FC-A0DD-8665D75EE146}") = "FormsGestures.UWP", "FormsGestures\FormsGestures.UWP\FormsGestures.UWP.csproj", "{C9326DB8-5AD7-4732-BD4F-16CE0814B7A8}"
EndProject
Project("{9344BDBB-3E7F-41FC-A0DD-8665D75EE146}") = "Forms9Patch", "Forms9Patch\Forms9Patch\Forms9Patch.csproj", "{3D46F689-2D07-4A7B-8C4A-6507951D8266}"
EndProject
Project("{9344BDBB-3E7F-41FC-A0DD-8665D75EE146}") = "Forms9Patch.iOS", "Forms9Patch\Forms9Patch.iOS\Forms9Patch.iOS.csproj", "{697DD619-11B5-4324-B8FF-2CED5ABA3265}"
EndProject
Project("{9344BDBB-3E7F-41FC-A0DD-8665D75EE146}") = "Forms9Patch.UWP", "Forms9Patch\Forms9Patch.UWP\Forms9Patch.UWP.csproj", "{33B08A6A-3E5A-4A1F-879D-C14F2A960574}"
EndProject
Project("{9344BDBB-3E7F-41FC-A0DD-8665D75EE146}") = "Forms9Patch.Droid", "Forms9Patch\Forms9Patch.Droid\Forms9Patch.Droid.csproj", "{FD020993-3D63-4B12-B7A7-4B4EC185CD00}"
EndProject
Project("{FAE04EC0-301F-11D3-BF4B-00C04F79EFBC}") = "Forms9PatchDemo.NuGet", "Forms9PatchDemo.NuGet\Forms9PatchDemo.NuGet\Forms9PatchDemo.NuGet.csproj", "{B99D818C-0303-4CCC-93E1-23E7EB55AF89}"
EndProject
Project("{FAE04EC0-301F-11D3-BF4B-00C04F79EFBC}") = "Forms9PatchDemo.NuGet.iOS", "Forms9PatchDemo.NuGet\Forms9PatchDemo.NuGet.iOS\Forms9PatchDemo.NuGet.iOS.csproj", "{034CC974-0FCB-497A-8B6B-A192482CCED6}"
EndProject
Project("{FAE04EC0-301F-11D3-BF4B-00C04F79EFBC}") = "Forms9PatchDemo.NuGet.Android", "Forms9PatchDemo.NuGet\Forms9PatchDemo.NuGet.Android\Forms9PatchDemo.NuGet.Android.csproj", "{C54EC583-AD7E-4F2B-AE63-47EAC75E1234}"
EndProject
Project("{9344BDBB-3E7F-41FC-A0DD-8665D75EE146}") = "Forms9PatchDemo.Source", "Forms9PatchDemo.Source\Forms9PatchDemo.Source\Forms9PatchDemo.Source.csproj", "{7B02944B-6192-46DB-B5B4-D920F62BB6F1}"
EndProject
Project("{9344BDBB-3E7F-41FC-A0DD-8665D75EE146}") = "Forms9PatchDemo.Source.Android", "Forms9PatchDemo.Source\Forms9PatchDemo.Source.Android\Forms9PatchDemo.Source.Android.csproj", "{98014AAC-9504-41F9-8F9A-7DB6698B0232}"
EndProject
Project("{9344BDBB-3E7F-41FC-A0DD-8665D75EE146}") = "Forms9PatchDemo.Source.iOS", "Forms9PatchDemo.Source\Forms9PatchDemo.Source.iOS\Forms9PatchDemo.Source.iOS.csproj", "{EAE9C9E9-AFCC-4282-AB82-1C24217F714A}"
EndProject
Project("{9344BDBB-3E7F-41FC-A0DD-8665D75EE146}") = "Forms9PatchDemo.Source.UWP", "Forms9PatchDemo.Source\Forms9PatchDemo.Source.UWP\Forms9PatchDemo.Source.UWP.csproj", "{7428B6C4-7D04-4EB2-9C31-7B0E83A67B30}"
EndProject
Global
	GlobalSection(SolutionConfigurationPlatforms) = preSolution
		Debug|Any CPU = Debug|Any CPU
		Debug|iPhone = Debug|iPhone
		Debug|iPhoneSimulator = Debug|iPhoneSimulator
		Release|Any CPU = Release|Any CPU
		Release|iPhone = Release|iPhone
		Release|iPhoneSimulator = Release|iPhoneSimulator
	EndGlobalSection
	GlobalSection(ProjectConfigurationPlatforms) = postSolution
		{592FEF99-BE8D-4111-909B-D7448835B157}.Debug|Any CPU.ActiveCfg = Debug|x86
		{592FEF99-BE8D-4111-909B-D7448835B157}.Debug|Any CPU.Build.0 = Debug|x86
		{592FEF99-BE8D-4111-909B-D7448835B157}.Debug|iPhone.ActiveCfg = Debug|x86
		{592FEF99-BE8D-4111-909B-D7448835B157}.Debug|iPhone.Build.0 = Debug|x86
		{592FEF99-BE8D-4111-909B-D7448835B157}.Debug|iPhoneSimulator.ActiveCfg = Debug|x86
		{592FEF99-BE8D-4111-909B-D7448835B157}.Debug|iPhoneSimulator.Build.0 = Debug|x86
		{592FEF99-BE8D-4111-909B-D7448835B157}.Release|Any CPU.ActiveCfg = Release|x86
		{592FEF99-BE8D-4111-909B-D7448835B157}.Release|Any CPU.Build.0 = Release|x86
		{592FEF99-BE8D-4111-909B-D7448835B157}.Release|Any CPU.Deploy.0 = Release|x86
		{592FEF99-BE8D-4111-909B-D7448835B157}.Release|iPhone.ActiveCfg = Release|x86
		{592FEF99-BE8D-4111-909B-D7448835B157}.Release|iPhone.Build.0 = Release|x86
		{592FEF99-BE8D-4111-909B-D7448835B157}.Release|iPhoneSimulator.ActiveCfg = Release|x86
		{592FEF99-BE8D-4111-909B-D7448835B157}.Release|iPhoneSimulator.Build.0 = Release|x86
		{169A86DE-A111-403B-94AB-5FEEFDE7CE1B}.Debug|Any CPU.ActiveCfg = Debug|Any CPU
		{169A86DE-A111-403B-94AB-5FEEFDE7CE1B}.Debug|Any CPU.Build.0 = Debug|Any CPU
		{169A86DE-A111-403B-94AB-5FEEFDE7CE1B}.Debug|iPhone.ActiveCfg = Debug|Any CPU
		{169A86DE-A111-403B-94AB-5FEEFDE7CE1B}.Debug|iPhone.Build.0 = Debug|Any CPU
		{169A86DE-A111-403B-94AB-5FEEFDE7CE1B}.Debug|iPhoneSimulator.ActiveCfg = Debug|Any CPU
		{169A86DE-A111-403B-94AB-5FEEFDE7CE1B}.Debug|iPhoneSimulator.Build.0 = Debug|Any CPU
		{169A86DE-A111-403B-94AB-5FEEFDE7CE1B}.Release|Any CPU.ActiveCfg = Release|Any CPU
		{169A86DE-A111-403B-94AB-5FEEFDE7CE1B}.Release|Any CPU.Build.0 = Release|Any CPU
		{169A86DE-A111-403B-94AB-5FEEFDE7CE1B}.Release|iPhone.ActiveCfg = Release|Any CPU
		{169A86DE-A111-403B-94AB-5FEEFDE7CE1B}.Release|iPhone.Build.0 = Release|Any CPU
		{169A86DE-A111-403B-94AB-5FEEFDE7CE1B}.Release|iPhoneSimulator.ActiveCfg = Release|Any CPU
		{169A86DE-A111-403B-94AB-5FEEFDE7CE1B}.Release|iPhoneSimulator.Build.0 = Release|Any CPU
		{B21CD359-AE3F-48CA-BB19-2BA416B3D0E0}.Debug|Any CPU.ActiveCfg = Debug|Any CPU
		{B21CD359-AE3F-48CA-BB19-2BA416B3D0E0}.Debug|Any CPU.Build.0 = Debug|Any CPU
		{B21CD359-AE3F-48CA-BB19-2BA416B3D0E0}.Debug|iPhone.ActiveCfg = Debug|Any CPU
		{B21CD359-AE3F-48CA-BB19-2BA416B3D0E0}.Debug|iPhone.Build.0 = Debug|Any CPU
		{B21CD359-AE3F-48CA-BB19-2BA416B3D0E0}.Debug|iPhoneSimulator.ActiveCfg = Debug|Any CPU
		{B21CD359-AE3F-48CA-BB19-2BA416B3D0E0}.Debug|iPhoneSimulator.Build.0 = Debug|Any CPU
		{B21CD359-AE3F-48CA-BB19-2BA416B3D0E0}.Release|Any CPU.ActiveCfg = Release|Any CPU
		{B21CD359-AE3F-48CA-BB19-2BA416B3D0E0}.Release|Any CPU.Build.0 = Release|Any CPU
		{B21CD359-AE3F-48CA-BB19-2BA416B3D0E0}.Release|iPhone.ActiveCfg = Release|Any CPU
		{B21CD359-AE3F-48CA-BB19-2BA416B3D0E0}.Release|iPhone.Build.0 = Release|Any CPU
		{B21CD359-AE3F-48CA-BB19-2BA416B3D0E0}.Release|iPhoneSimulator.ActiveCfg = Release|Any CPU
		{B21CD359-AE3F-48CA-BB19-2BA416B3D0E0}.Release|iPhoneSimulator.Build.0 = Release|Any CPU
		{C66BD451-5583-450F-9237-394D509CA694}.Debug|Any CPU.ActiveCfg = Debug|Any CPU
		{C66BD451-5583-450F-9237-394D509CA694}.Debug|Any CPU.Build.0 = Debug|Any CPU
		{C66BD451-5583-450F-9237-394D509CA694}.Debug|iPhone.ActiveCfg = Debug|Any CPU
		{C66BD451-5583-450F-9237-394D509CA694}.Debug|iPhone.Build.0 = Debug|Any CPU
		{C66BD451-5583-450F-9237-394D509CA694}.Debug|iPhoneSimulator.ActiveCfg = Debug|Any CPU
		{C66BD451-5583-450F-9237-394D509CA694}.Debug|iPhoneSimulator.Build.0 = Debug|Any CPU
		{C66BD451-5583-450F-9237-394D509CA694}.Release|Any CPU.ActiveCfg = Release|Any CPU
		{C66BD451-5583-450F-9237-394D509CA694}.Release|Any CPU.Build.0 = Release|Any CPU
		{C66BD451-5583-450F-9237-394D509CA694}.Release|iPhone.ActiveCfg = Release|Any CPU
		{C66BD451-5583-450F-9237-394D509CA694}.Release|iPhone.Build.0 = Release|Any CPU
		{C66BD451-5583-450F-9237-394D509CA694}.Release|iPhoneSimulator.ActiveCfg = Release|Any CPU
		{C66BD451-5583-450F-9237-394D509CA694}.Release|iPhoneSimulator.Build.0 = Release|Any CPU
		{788D9D07-7F94-445F-A35F-AFC7B802B1B6}.Debug|Any CPU.ActiveCfg = Debug|Any CPU
		{788D9D07-7F94-445F-A35F-AFC7B802B1B6}.Debug|Any CPU.Build.0 = Debug|Any CPU
		{788D9D07-7F94-445F-A35F-AFC7B802B1B6}.Debug|iPhone.ActiveCfg = Debug|Any CPU
		{788D9D07-7F94-445F-A35F-AFC7B802B1B6}.Debug|iPhone.Build.0 = Debug|Any CPU
		{788D9D07-7F94-445F-A35F-AFC7B802B1B6}.Debug|iPhoneSimulator.ActiveCfg = Debug|Any CPU
		{788D9D07-7F94-445F-A35F-AFC7B802B1B6}.Debug|iPhoneSimulator.Build.0 = Debug|Any CPU
		{788D9D07-7F94-445F-A35F-AFC7B802B1B6}.Release|Any CPU.ActiveCfg = Release|Any CPU
		{788D9D07-7F94-445F-A35F-AFC7B802B1B6}.Release|Any CPU.Build.0 = Release|Any CPU
		{788D9D07-7F94-445F-A35F-AFC7B802B1B6}.Release|iPhone.ActiveCfg = Release|Any CPU
		{788D9D07-7F94-445F-A35F-AFC7B802B1B6}.Release|iPhone.Build.0 = Release|Any CPU
		{788D9D07-7F94-445F-A35F-AFC7B802B1B6}.Release|iPhoneSimulator.ActiveCfg = Release|Any CPU
		{788D9D07-7F94-445F-A35F-AFC7B802B1B6}.Release|iPhoneSimulator.Build.0 = Release|Any CPU
		{18C78FBF-9418-4B86-8086-A2BD3DC7C8A2}.Debug|Any CPU.ActiveCfg = Debug|Any CPU
		{18C78FBF-9418-4B86-8086-A2BD3DC7C8A2}.Debug|Any CPU.Build.0 = Debug|Any CPU
		{18C78FBF-9418-4B86-8086-A2BD3DC7C8A2}.Debug|iPhone.ActiveCfg = Debug|Any CPU
		{18C78FBF-9418-4B86-8086-A2BD3DC7C8A2}.Debug|iPhone.Build.0 = Debug|Any CPU
		{18C78FBF-9418-4B86-8086-A2BD3DC7C8A2}.Debug|iPhoneSimulator.ActiveCfg = Debug|Any CPU
		{18C78FBF-9418-4B86-8086-A2BD3DC7C8A2}.Debug|iPhoneSimulator.Build.0 = Debug|Any CPU
		{18C78FBF-9418-4B86-8086-A2BD3DC7C8A2}.Release|Any CPU.ActiveCfg = Release|Any CPU
		{18C78FBF-9418-4B86-8086-A2BD3DC7C8A2}.Release|Any CPU.Build.0 = Release|Any CPU
		{18C78FBF-9418-4B86-8086-A2BD3DC7C8A2}.Release|iPhone.ActiveCfg = Release|Any CPU
		{18C78FBF-9418-4B86-8086-A2BD3DC7C8A2}.Release|iPhone.Build.0 = Release|Any CPU
		{18C78FBF-9418-4B86-8086-A2BD3DC7C8A2}.Release|iPhoneSimulator.ActiveCfg = Release|Any CPU
		{18C78FBF-9418-4B86-8086-A2BD3DC7C8A2}.Release|iPhoneSimulator.Build.0 = Release|Any CPU
		{7273D6CE-170D-4E96-B1D7-946896DAD5B1}.Debug|Any CPU.ActiveCfg = Debug|Any CPU
		{7273D6CE-170D-4E96-B1D7-946896DAD5B1}.Debug|Any CPU.Build.0 = Debug|Any CPU
		{7273D6CE-170D-4E96-B1D7-946896DAD5B1}.Debug|iPhone.ActiveCfg = Debug|Any CPU
		{7273D6CE-170D-4E96-B1D7-946896DAD5B1}.Debug|iPhone.Build.0 = Debug|Any CPU
		{7273D6CE-170D-4E96-B1D7-946896DAD5B1}.Debug|iPhoneSimulator.ActiveCfg = Debug|Any CPU
		{7273D6CE-170D-4E96-B1D7-946896DAD5B1}.Debug|iPhoneSimulator.Build.0 = Debug|Any CPU
		{7273D6CE-170D-4E96-B1D7-946896DAD5B1}.Release|Any CPU.ActiveCfg = Release|Any CPU
		{7273D6CE-170D-4E96-B1D7-946896DAD5B1}.Release|Any CPU.Build.0 = Release|Any CPU
		{7273D6CE-170D-4E96-B1D7-946896DAD5B1}.Release|iPhone.ActiveCfg = Release|Any CPU
		{7273D6CE-170D-4E96-B1D7-946896DAD5B1}.Release|iPhone.Build.0 = Release|Any CPU
		{7273D6CE-170D-4E96-B1D7-946896DAD5B1}.Release|iPhoneSimulator.ActiveCfg = Release|Any CPU
		{7273D6CE-170D-4E96-B1D7-946896DAD5B1}.Release|iPhoneSimulator.Build.0 = Release|Any CPU
		{0AC7BFC9-1E78-4C10-90A3-FCB3928035D8}.Debug|Any CPU.ActiveCfg = Debug|Any CPU
		{0AC7BFC9-1E78-4C10-90A3-FCB3928035D8}.Debug|Any CPU.Build.0 = Debug|Any CPU
		{0AC7BFC9-1E78-4C10-90A3-FCB3928035D8}.Debug|iPhone.ActiveCfg = Debug|Any CPU
		{0AC7BFC9-1E78-4C10-90A3-FCB3928035D8}.Debug|iPhone.Build.0 = Debug|Any CPU
		{0AC7BFC9-1E78-4C10-90A3-FCB3928035D8}.Debug|iPhoneSimulator.ActiveCfg = Debug|Any CPU
		{0AC7BFC9-1E78-4C10-90A3-FCB3928035D8}.Debug|iPhoneSimulator.Build.0 = Debug|Any CPU
		{0AC7BFC9-1E78-4C10-90A3-FCB3928035D8}.Release|Any CPU.ActiveCfg = Release|Any CPU
		{0AC7BFC9-1E78-4C10-90A3-FCB3928035D8}.Release|Any CPU.Build.0 = Release|Any CPU
		{0AC7BFC9-1E78-4C10-90A3-FCB3928035D8}.Release|iPhone.ActiveCfg = Release|Any CPU
		{0AC7BFC9-1E78-4C10-90A3-FCB3928035D8}.Release|iPhone.Build.0 = Release|Any CPU
		{0AC7BFC9-1E78-4C10-90A3-FCB3928035D8}.Release|iPhoneSimulator.ActiveCfg = Release|Any CPU
		{0AC7BFC9-1E78-4C10-90A3-FCB3928035D8}.Release|iPhoneSimulator.Build.0 = Release|Any CPU
		{D36079CE-7AEC-4951-B58C-8A48A9C0522D}.Debug|Any CPU.ActiveCfg = Debug|Any CPU
		{D36079CE-7AEC-4951-B58C-8A48A9C0522D}.Debug|Any CPU.Build.0 = Debug|Any CPU
		{D36079CE-7AEC-4951-B58C-8A48A9C0522D}.Debug|iPhone.ActiveCfg = Debug|Any CPU
		{D36079CE-7AEC-4951-B58C-8A48A9C0522D}.Debug|iPhone.Build.0 = Debug|Any CPU
		{D36079CE-7AEC-4951-B58C-8A48A9C0522D}.Debug|iPhoneSimulator.ActiveCfg = Debug|Any CPU
		{D36079CE-7AEC-4951-B58C-8A48A9C0522D}.Debug|iPhoneSimulator.Build.0 = Debug|Any CPU
		{D36079CE-7AEC-4951-B58C-8A48A9C0522D}.Release|Any CPU.ActiveCfg = Release|Any CPU
		{D36079CE-7AEC-4951-B58C-8A48A9C0522D}.Release|Any CPU.Build.0 = Release|Any CPU
		{D36079CE-7AEC-4951-B58C-8A48A9C0522D}.Release|iPhone.ActiveCfg = Release|Any CPU
		{D36079CE-7AEC-4951-B58C-8A48A9C0522D}.Release|iPhone.Build.0 = Release|Any CPU
		{D36079CE-7AEC-4951-B58C-8A48A9C0522D}.Release|iPhoneSimulator.ActiveCfg = Release|Any CPU
		{D36079CE-7AEC-4951-B58C-8A48A9C0522D}.Release|iPhoneSimulator.Build.0 = Release|Any CPU
		{CB197B0A-7ADE-405C-BF0F-BCD9A60DB12A}.Debug|Any CPU.ActiveCfg = Debug|Any CPU
		{CB197B0A-7ADE-405C-BF0F-BCD9A60DB12A}.Debug|Any CPU.Build.0 = Debug|Any CPU
		{CB197B0A-7ADE-405C-BF0F-BCD9A60DB12A}.Debug|iPhone.ActiveCfg = Debug|Any CPU
		{CB197B0A-7ADE-405C-BF0F-BCD9A60DB12A}.Debug|iPhone.Build.0 = Debug|Any CPU
		{CB197B0A-7ADE-405C-BF0F-BCD9A60DB12A}.Debug|iPhoneSimulator.ActiveCfg = Debug|Any CPU
		{CB197B0A-7ADE-405C-BF0F-BCD9A60DB12A}.Debug|iPhoneSimulator.Build.0 = Debug|Any CPU
		{CB197B0A-7ADE-405C-BF0F-BCD9A60DB12A}.Release|Any CPU.ActiveCfg = Release|Any CPU
		{CB197B0A-7ADE-405C-BF0F-BCD9A60DB12A}.Release|Any CPU.Build.0 = Release|Any CPU
		{CB197B0A-7ADE-405C-BF0F-BCD9A60DB12A}.Release|iPhone.ActiveCfg = Release|Any CPU
		{CB197B0A-7ADE-405C-BF0F-BCD9A60DB12A}.Release|iPhone.Build.0 = Release|Any CPU
		{CB197B0A-7ADE-405C-BF0F-BCD9A60DB12A}.Release|iPhoneSimulator.ActiveCfg = Release|Any CPU
		{CB197B0A-7ADE-405C-BF0F-BCD9A60DB12A}.Release|iPhoneSimulator.Build.0 = Release|Any CPU
		{C9326DB8-5AD7-4732-BD4F-16CE0814B7A8}.Debug|Any CPU.ActiveCfg = Debug|Any CPU
		{C9326DB8-5AD7-4732-BD4F-16CE0814B7A8}.Debug|Any CPU.Build.0 = Debug|Any CPU
		{C9326DB8-5AD7-4732-BD4F-16CE0814B7A8}.Debug|iPhone.ActiveCfg = Debug|Any CPU
		{C9326DB8-5AD7-4732-BD4F-16CE0814B7A8}.Debug|iPhone.Build.0 = Debug|Any CPU
		{C9326DB8-5AD7-4732-BD4F-16CE0814B7A8}.Debug|iPhoneSimulator.ActiveCfg = Debug|Any CPU
		{C9326DB8-5AD7-4732-BD4F-16CE0814B7A8}.Debug|iPhoneSimulator.Build.0 = Debug|Any CPU
		{C9326DB8-5AD7-4732-BD4F-16CE0814B7A8}.Release|Any CPU.ActiveCfg = Release|Any CPU
		{C9326DB8-5AD7-4732-BD4F-16CE0814B7A8}.Release|Any CPU.Build.0 = Release|Any CPU
		{C9326DB8-5AD7-4732-BD4F-16CE0814B7A8}.Release|iPhone.ActiveCfg = Release|Any CPU
		{C9326DB8-5AD7-4732-BD4F-16CE0814B7A8}.Release|iPhone.Build.0 = Release|Any CPU
		{C9326DB8-5AD7-4732-BD4F-16CE0814B7A8}.Release|iPhoneSimulator.ActiveCfg = Release|Any CPU
		{C9326DB8-5AD7-4732-BD4F-16CE0814B7A8}.Release|iPhoneSimulator.Build.0 = Release|Any CPU
		{3D46F689-2D07-4A7B-8C4A-6507951D8266}.Debug|Any CPU.ActiveCfg = Debug|Any CPU
		{3D46F689-2D07-4A7B-8C4A-6507951D8266}.Debug|Any CPU.Build.0 = Debug|Any CPU
		{3D46F689-2D07-4A7B-8C4A-6507951D8266}.Debug|iPhone.ActiveCfg = Debug|Any CPU
		{3D46F689-2D07-4A7B-8C4A-6507951D8266}.Debug|iPhone.Build.0 = Debug|Any CPU
		{3D46F689-2D07-4A7B-8C4A-6507951D8266}.Debug|iPhoneSimulator.ActiveCfg = Debug|Any CPU
		{3D46F689-2D07-4A7B-8C4A-6507951D8266}.Debug|iPhoneSimulator.Build.0 = Debug|Any CPU
		{3D46F689-2D07-4A7B-8C4A-6507951D8266}.Release|Any CPU.ActiveCfg = Release|Any CPU
		{3D46F689-2D07-4A7B-8C4A-6507951D8266}.Release|Any CPU.Build.0 = Release|Any CPU
		{3D46F689-2D07-4A7B-8C4A-6507951D8266}.Release|iPhone.ActiveCfg = Release|Any CPU
		{3D46F689-2D07-4A7B-8C4A-6507951D8266}.Release|iPhone.Build.0 = Release|Any CPU
		{3D46F689-2D07-4A7B-8C4A-6507951D8266}.Release|iPhoneSimulator.ActiveCfg = Release|Any CPU
		{3D46F689-2D07-4A7B-8C4A-6507951D8266}.Release|iPhoneSimulator.Build.0 = Release|Any CPU
		{697DD619-11B5-4324-B8FF-2CED5ABA3265}.Debug|Any CPU.ActiveCfg = Debug|Any CPU
		{697DD619-11B5-4324-B8FF-2CED5ABA3265}.Debug|Any CPU.Build.0 = Debug|Any CPU
		{697DD619-11B5-4324-B8FF-2CED5ABA3265}.Debug|iPhone.ActiveCfg = Debug|Any CPU
		{697DD619-11B5-4324-B8FF-2CED5ABA3265}.Debug|iPhone.Build.0 = Debug|Any CPU
		{697DD619-11B5-4324-B8FF-2CED5ABA3265}.Debug|iPhoneSimulator.ActiveCfg = Debug|Any CPU
		{697DD619-11B5-4324-B8FF-2CED5ABA3265}.Debug|iPhoneSimulator.Build.0 = Debug|Any CPU
		{697DD619-11B5-4324-B8FF-2CED5ABA3265}.Release|Any CPU.ActiveCfg = Release|Any CPU
		{697DD619-11B5-4324-B8FF-2CED5ABA3265}.Release|Any CPU.Build.0 = Release|Any CPU
		{697DD619-11B5-4324-B8FF-2CED5ABA3265}.Release|iPhone.ActiveCfg = Release|Any CPU
		{697DD619-11B5-4324-B8FF-2CED5ABA3265}.Release|iPhone.Build.0 = Release|Any CPU
		{697DD619-11B5-4324-B8FF-2CED5ABA3265}.Release|iPhoneSimulator.ActiveCfg = Release|Any CPU
		{697DD619-11B5-4324-B8FF-2CED5ABA3265}.Release|iPhoneSimulator.Build.0 = Release|Any CPU
		{33B08A6A-3E5A-4A1F-879D-C14F2A960574}.Debug|Any CPU.ActiveCfg = Debug|Any CPU
		{33B08A6A-3E5A-4A1F-879D-C14F2A960574}.Debug|Any CPU.Build.0 = Debug|Any CPU
		{33B08A6A-3E5A-4A1F-879D-C14F2A960574}.Debug|iPhone.ActiveCfg = Debug|Any CPU
		{33B08A6A-3E5A-4A1F-879D-C14F2A960574}.Debug|iPhone.Build.0 = Debug|Any CPU
		{33B08A6A-3E5A-4A1F-879D-C14F2A960574}.Debug|iPhoneSimulator.ActiveCfg = Debug|Any CPU
		{33B08A6A-3E5A-4A1F-879D-C14F2A960574}.Debug|iPhoneSimulator.Build.0 = Debug|Any CPU
		{33B08A6A-3E5A-4A1F-879D-C14F2A960574}.Release|Any CPU.ActiveCfg = Release|Any CPU
		{33B08A6A-3E5A-4A1F-879D-C14F2A960574}.Release|Any CPU.Build.0 = Release|Any CPU
		{33B08A6A-3E5A-4A1F-879D-C14F2A960574}.Release|iPhone.ActiveCfg = Release|Any CPU
		{33B08A6A-3E5A-4A1F-879D-C14F2A960574}.Release|iPhone.Build.0 = Release|Any CPU
		{33B08A6A-3E5A-4A1F-879D-C14F2A960574}.Release|iPhoneSimulator.ActiveCfg = Release|Any CPU
		{33B08A6A-3E5A-4A1F-879D-C14F2A960574}.Release|iPhoneSimulator.Build.0 = Release|Any CPU
		{FD020993-3D63-4B12-B7A7-4B4EC185CD00}.Debug|Any CPU.ActiveCfg = Debug|Any CPU
		{FD020993-3D63-4B12-B7A7-4B4EC185CD00}.Debug|Any CPU.Build.0 = Debug|Any CPU
		{FD020993-3D63-4B12-B7A7-4B4EC185CD00}.Debug|iPhone.ActiveCfg = Debug|Any CPU
		{FD020993-3D63-4B12-B7A7-4B4EC185CD00}.Debug|iPhone.Build.0 = Debug|Any CPU
		{FD020993-3D63-4B12-B7A7-4B4EC185CD00}.Debug|iPhoneSimulator.ActiveCfg = Debug|Any CPU
		{FD020993-3D63-4B12-B7A7-4B4EC185CD00}.Debug|iPhoneSimulator.Build.0 = Debug|Any CPU
		{FD020993-3D63-4B12-B7A7-4B4EC185CD00}.Release|Any CPU.ActiveCfg = Release|Any CPU
		{FD020993-3D63-4B12-B7A7-4B4EC185CD00}.Release|Any CPU.Build.0 = Release|Any CPU
		{FD020993-3D63-4B12-B7A7-4B4EC185CD00}.Release|iPhone.ActiveCfg = Release|Any CPU
		{FD020993-3D63-4B12-B7A7-4B4EC185CD00}.Release|iPhone.Build.0 = Release|Any CPU
		{FD020993-3D63-4B12-B7A7-4B4EC185CD00}.Release|iPhoneSimulator.ActiveCfg = Release|Any CPU
		{FD020993-3D63-4B12-B7A7-4B4EC185CD00}.Release|iPhoneSimulator.Build.0 = Release|Any CPU
		{B99D818C-0303-4CCC-93E1-23E7EB55AF89}.Debug|Any CPU.ActiveCfg = Debug|Any CPU
		{B99D818C-0303-4CCC-93E1-23E7EB55AF89}.Debug|Any CPU.Build.0 = Debug|Any CPU
		{B99D818C-0303-4CCC-93E1-23E7EB55AF89}.Debug|iPhone.ActiveCfg = Debug|Any CPU
		{B99D818C-0303-4CCC-93E1-23E7EB55AF89}.Debug|iPhone.Build.0 = Debug|Any CPU
		{B99D818C-0303-4CCC-93E1-23E7EB55AF89}.Debug|iPhoneSimulator.ActiveCfg = Debug|Any CPU
		{B99D818C-0303-4CCC-93E1-23E7EB55AF89}.Debug|iPhoneSimulator.Build.0 = Debug|Any CPU
		{B99D818C-0303-4CCC-93E1-23E7EB55AF89}.Release|Any CPU.ActiveCfg = Release|Any CPU
		{B99D818C-0303-4CCC-93E1-23E7EB55AF89}.Release|Any CPU.Build.0 = Release|Any CPU
		{B99D818C-0303-4CCC-93E1-23E7EB55AF89}.Release|iPhone.ActiveCfg = Release|Any CPU
		{B99D818C-0303-4CCC-93E1-23E7EB55AF89}.Release|iPhone.Build.0 = Release|Any CPU
		{B99D818C-0303-4CCC-93E1-23E7EB55AF89}.Release|iPhoneSimulator.ActiveCfg = Release|Any CPU
		{B99D818C-0303-4CCC-93E1-23E7EB55AF89}.Release|iPhoneSimulator.Build.0 = Release|Any CPU
		{034CC974-0FCB-497A-8B6B-A192482CCED6}.Debug|Any CPU.ActiveCfg = Debug|iPhoneSimulator
		{034CC974-0FCB-497A-8B6B-A192482CCED6}.Debug|Any CPU.Build.0 = Debug|iPhoneSimulator
		{034CC974-0FCB-497A-8B6B-A192482CCED6}.Debug|iPhone.ActiveCfg = Debug|iPhone
		{034CC974-0FCB-497A-8B6B-A192482CCED6}.Debug|iPhone.Build.0 = Debug|iPhone
		{034CC974-0FCB-497A-8B6B-A192482CCED6}.Debug|iPhoneSimulator.ActiveCfg = Debug|iPhoneSimulator
		{034CC974-0FCB-497A-8B6B-A192482CCED6}.Debug|iPhoneSimulator.Build.0 = Debug|iPhoneSimulator
		{034CC974-0FCB-497A-8B6B-A192482CCED6}.Release|Any CPU.ActiveCfg = Release|iPhoneSimulator
		{034CC974-0FCB-497A-8B6B-A192482CCED6}.Release|Any CPU.Build.0 = Release|iPhoneSimulator
		{034CC974-0FCB-497A-8B6B-A192482CCED6}.Release|iPhone.ActiveCfg = Release|iPhone
		{034CC974-0FCB-497A-8B6B-A192482CCED6}.Release|iPhone.Build.0 = Release|iPhone
		{034CC974-0FCB-497A-8B6B-A192482CCED6}.Release|iPhoneSimulator.ActiveCfg = Release|iPhoneSimulator
		{034CC974-0FCB-497A-8B6B-A192482CCED6}.Release|iPhoneSimulator.Build.0 = Release|iPhoneSimulator
		{C54EC583-AD7E-4F2B-AE63-47EAC75E1234}.Debug|Any CPU.ActiveCfg = Debug|Any CPU
		{C54EC583-AD7E-4F2B-AE63-47EAC75E1234}.Debug|Any CPU.Build.0 = Debug|Any CPU
		{C54EC583-AD7E-4F2B-AE63-47EAC75E1234}.Debug|iPhone.ActiveCfg = Debug|Any CPU
		{C54EC583-AD7E-4F2B-AE63-47EAC75E1234}.Debug|iPhone.Build.0 = Debug|Any CPU
		{C54EC583-AD7E-4F2B-AE63-47EAC75E1234}.Debug|iPhoneSimulator.ActiveCfg = Debug|Any CPU
		{C54EC583-AD7E-4F2B-AE63-47EAC75E1234}.Debug|iPhoneSimulator.Build.0 = Debug|Any CPU
		{C54EC583-AD7E-4F2B-AE63-47EAC75E1234}.Release|Any CPU.ActiveCfg = Release|Any CPU
		{C54EC583-AD7E-4F2B-AE63-47EAC75E1234}.Release|Any CPU.Build.0 = Release|Any CPU
		{C54EC583-AD7E-4F2B-AE63-47EAC75E1234}.Release|iPhone.ActiveCfg = Release|Any CPU
		{C54EC583-AD7E-4F2B-AE63-47EAC75E1234}.Release|iPhone.Build.0 = Release|Any CPU
		{C54EC583-AD7E-4F2B-AE63-47EAC75E1234}.Release|iPhoneSimulator.ActiveCfg = Release|Any CPU
		{C54EC583-AD7E-4F2B-AE63-47EAC75E1234}.Release|iPhoneSimulator.Build.0 = Release|Any CPU
		{7B02944B-6192-46DB-B5B4-D920F62BB6F1}.Debug|Any CPU.ActiveCfg = Debug|Any CPU
		{7B02944B-6192-46DB-B5B4-D920F62BB6F1}.Debug|Any CPU.Build.0 = Debug|Any CPU
		{7B02944B-6192-46DB-B5B4-D920F62BB6F1}.Debug|iPhone.ActiveCfg = Debug|Any CPU
		{7B02944B-6192-46DB-B5B4-D920F62BB6F1}.Debug|iPhone.Build.0 = Debug|Any CPU
		{7B02944B-6192-46DB-B5B4-D920F62BB6F1}.Debug|iPhoneSimulator.ActiveCfg = Debug|Any CPU
		{7B02944B-6192-46DB-B5B4-D920F62BB6F1}.Debug|iPhoneSimulator.Build.0 = Debug|Any CPU
		{7B02944B-6192-46DB-B5B4-D920F62BB6F1}.Release|Any CPU.ActiveCfg = Release|Any CPU
		{7B02944B-6192-46DB-B5B4-D920F62BB6F1}.Release|Any CPU.Build.0 = Release|Any CPU
		{7B02944B-6192-46DB-B5B4-D920F62BB6F1}.Release|iPhone.ActiveCfg = Release|Any CPU
		{7B02944B-6192-46DB-B5B4-D920F62BB6F1}.Release|iPhone.Build.0 = Release|Any CPU
		{7B02944B-6192-46DB-B5B4-D920F62BB6F1}.Release|iPhoneSimulator.ActiveCfg = Release|Any CPU
		{7B02944B-6192-46DB-B5B4-D920F62BB6F1}.Release|iPhoneSimulator.Build.0 = Release|Any CPU
		{98014AAC-9504-41F9-8F9A-7DB6698B0232}.Debug|Any CPU.ActiveCfg = Debug|Any CPU
		{98014AAC-9504-41F9-8F9A-7DB6698B0232}.Debug|Any CPU.Build.0 = Debug|Any CPU
		{98014AAC-9504-41F9-8F9A-7DB6698B0232}.Debug|iPhone.ActiveCfg = Debug|Any CPU
		{98014AAC-9504-41F9-8F9A-7DB6698B0232}.Debug|iPhone.Build.0 = Debug|Any CPU
		{98014AAC-9504-41F9-8F9A-7DB6698B0232}.Debug|iPhoneSimulator.ActiveCfg = Debug|Any CPU
		{98014AAC-9504-41F9-8F9A-7DB6698B0232}.Debug|iPhoneSimulator.Build.0 = Debug|Any CPU
		{98014AAC-9504-41F9-8F9A-7DB6698B0232}.Release|Any CPU.ActiveCfg = Release|Any CPU
		{98014AAC-9504-41F9-8F9A-7DB6698B0232}.Release|Any CPU.Build.0 = Release|Any CPU
		{98014AAC-9504-41F9-8F9A-7DB6698B0232}.Release|iPhone.ActiveCfg = Release|Any CPU
		{98014AAC-9504-41F9-8F9A-7DB6698B0232}.Release|iPhone.Build.0 = Release|Any CPU
		{98014AAC-9504-41F9-8F9A-7DB6698B0232}.Release|iPhoneSimulator.ActiveCfg = Release|Any CPU
		{98014AAC-9504-41F9-8F9A-7DB6698B0232}.Release|iPhoneSimulator.Build.0 = Release|Any CPU
		{EAE9C9E9-AFCC-4282-AB82-1C24217F714A}.Debug|Any CPU.ActiveCfg = Debug|iPhoneSimulator
		{EAE9C9E9-AFCC-4282-AB82-1C24217F714A}.Debug|Any CPU.Build.0 = Debug|iPhoneSimulator
		{EAE9C9E9-AFCC-4282-AB82-1C24217F714A}.Debug|iPhone.ActiveCfg = Debug|iPhone
		{EAE9C9E9-AFCC-4282-AB82-1C24217F714A}.Debug|iPhone.Build.0 = Debug|iPhone
		{EAE9C9E9-AFCC-4282-AB82-1C24217F714A}.Debug|iPhoneSimulator.ActiveCfg = Debug|iPhoneSimulator
		{EAE9C9E9-AFCC-4282-AB82-1C24217F714A}.Debug|iPhoneSimulator.Build.0 = Debug|iPhoneSimulator
		{EAE9C9E9-AFCC-4282-AB82-1C24217F714A}.Release|Any CPU.ActiveCfg = Release|iPhoneSimulator
		{EAE9C9E9-AFCC-4282-AB82-1C24217F714A}.Release|Any CPU.Build.0 = Release|iPhoneSimulator
		{EAE9C9E9-AFCC-4282-AB82-1C24217F714A}.Release|iPhone.ActiveCfg = Release|iPhone
		{EAE9C9E9-AFCC-4282-AB82-1C24217F714A}.Release|iPhone.Build.0 = Release|iPhone
		{EAE9C9E9-AFCC-4282-AB82-1C24217F714A}.Release|iPhoneSimulator.ActiveCfg = Release|iPhoneSimulator
		{EAE9C9E9-AFCC-4282-AB82-1C24217F714A}.Release|iPhoneSimulator.Build.0 = Release|iPhoneSimulator
		{7428B6C4-7D04-4EB2-9C31-7B0E83A67B30}.Debug|Any CPU.ActiveCfg = Debug|x86
		{7428B6C4-7D04-4EB2-9C31-7B0E83A67B30}.Debug|Any CPU.Build.0 = Debug|x86
		{7428B6C4-7D04-4EB2-9C31-7B0E83A67B30}.Debug|Any CPU.Deploy.0 = Debug|x86
		{7428B6C4-7D04-4EB2-9C31-7B0E83A67B30}.Debug|iPhone.ActiveCfg = Debug|x86
		{7428B6C4-7D04-4EB2-9C31-7B0E83A67B30}.Debug|iPhone.Build.0 = Debug|x86
		{7428B6C4-7D04-4EB2-9C31-7B0E83A67B30}.Debug|iPhoneSimulator.ActiveCfg = Debug|x86
		{7428B6C4-7D04-4EB2-9C31-7B0E83A67B30}.Debug|iPhoneSimulator.Build.0 = Debug|x86
		{7428B6C4-7D04-4EB2-9C31-7B0E83A67B30}.Release|Any CPU.ActiveCfg = Release|x86
		{7428B6C4-7D04-4EB2-9C31-7B0E83A67B30}.Release|Any CPU.Build.0 = Release|x86
		{7428B6C4-7D04-4EB2-9C31-7B0E83A67B30}.Release|Any CPU.Deploy.0 = Release|x86
		{7428B6C4-7D04-4EB2-9C31-7B0E83A67B30}.Release|iPhone.ActiveCfg = Release|x86
		{7428B6C4-7D04-4EB2-9C31-7B0E83A67B30}.Release|iPhone.Build.0 = Release|x86
		{7428B6C4-7D04-4EB2-9C31-7B0E83A67B30}.Release|iPhoneSimulator.ActiveCfg = Release|x86
		{7428B6C4-7D04-4EB2-9C31-7B0E83A67B30}.Release|iPhoneSimulator.Build.0 = Release|x86
	EndGlobalSection
	GlobalSection(SolutionProperties) = preSolution
		HideSolutionNode = FALSE
	EndGlobalSection
	GlobalSection(NestedProjects) = preSolution
		{18C59FAE-7950-4E00-9604-07D929B81397} = {D058C7C6-C2AA-4BD3-B734-F5AD3FBB37FC}
		{51AF4631-3172-4CE8-86BF-CC46E7D3E839} = {D058C7C6-C2AA-4BD3-B734-F5AD3FBB37FC}
		{592FEF99-BE8D-4111-909B-D7448835B157} = {18C59FAE-7950-4E00-9604-07D929B81397}
		{CA6C9AB9-3D82-497E-8C4E-F0D95F38BFA1} = {D058C7C6-C2AA-4BD3-B734-F5AD3FBB37FC}
		{169A86DE-A111-403B-94AB-5FEEFDE7CE1B} = {C0C29A42-88D4-489E-8B7E-1DB7D9C2FB60}
		{B21CD359-AE3F-48CA-BB19-2BA416B3D0E0} = {C0C29A42-88D4-489E-8B7E-1DB7D9C2FB60}
		{C66BD451-5583-450F-9237-394D509CA694} = {C0C29A42-88D4-489E-8B7E-1DB7D9C2FB60}
		{788D9D07-7F94-445F-A35F-AFC7B802B1B6} = {C0C29A42-88D4-489E-8B7E-1DB7D9C2FB60}
		{18C78FBF-9418-4B86-8086-A2BD3DC7C8A2} = {C0C29A42-88D4-489E-8B7E-1DB7D9C2FB60}
		{7273D6CE-170D-4E96-B1D7-946896DAD5B1} = {CDB68A9B-5B4F-45CC-BFE3-8064D0950E82}
		{0AC7BFC9-1E78-4C10-90A3-FCB3928035D8} = {2C891CAB-C6FC-4BB2-BA4D-5111E0E94AC8}
		{D36079CE-7AEC-4951-B58C-8A48A9C0522D} = {2C891CAB-C6FC-4BB2-BA4D-5111E0E94AC8}
		{CB197B0A-7ADE-405C-BF0F-BCD9A60DB12A} = {2C891CAB-C6FC-4BB2-BA4D-5111E0E94AC8}
		{C9326DB8-5AD7-4732-BD4F-16CE0814B7A8} = {2C891CAB-C6FC-4BB2-BA4D-5111E0E94AC8}
		{3D46F689-2D07-4A7B-8C4A-6507951D8266} = {2509D6A7-0AD1-49CD-A889-8E3E18D77AE5}
		{697DD619-11B5-4324-B8FF-2CED5ABA3265} = {2509D6A7-0AD1-49CD-A889-8E3E18D77AE5}
		{33B08A6A-3E5A-4A1F-879D-C14F2A960574} = {2509D6A7-0AD1-49CD-A889-8E3E18D77AE5}
		{FD020993-3D63-4B12-B7A7-4B4EC185CD00} = {2509D6A7-0AD1-49CD-A889-8E3E18D77AE5}
		{B99D818C-0303-4CCC-93E1-23E7EB55AF89} = {18C59FAE-7950-4E00-9604-07D929B81397}
		{034CC974-0FCB-497A-8B6B-A192482CCED6} = {18C59FAE-7950-4E00-9604-07D929B81397}
		{C54EC583-AD7E-4F2B-AE63-47EAC75E1234} = {18C59FAE-7950-4E00-9604-07D929B81397}
		{7B02944B-6192-46DB-B5B4-D920F62BB6F1} = {51AF4631-3172-4CE8-86BF-CC46E7D3E839}
		{98014AAC-9504-41F9-8F9A-7DB6698B0232} = {51AF4631-3172-4CE8-86BF-CC46E7D3E839}
		{EAE9C9E9-AFCC-4282-AB82-1C24217F714A} = {51AF4631-3172-4CE8-86BF-CC46E7D3E839}
		{7428B6C4-7D04-4EB2-9C31-7B0E83A67B30} = {51AF4631-3172-4CE8-86BF-CC46E7D3E839}
	EndGlobalSection
	GlobalSection(ExtensibilityGlobals) = postSolution
		SolutionGuid = {0795FAFE-8F2F-4FEE-809C-E25681BFD7DC}
	EndGlobalSection
EndGlobal
